// !$*UTF8*$!
{
	archiveVersion = 1;
	classes = {
	};
	objectVersion = 46;
	objects = {

/* Begin PBXAggregateTarget section */
		9ECF51AD17549A3800487F96 /* D9StudioSDK_iOS */ = {
			isa = PBXAggregateTarget;
			buildConfigurationList = 9ECF51AE17549A3800487F96 /* Build configuration list for PBXAggregateTarget "D9StudioSDK_iOS" */;
			buildPhases = (
				9ECF51B117549A4000487F96 /* Build Static Libs */,
				9ECF51B217549A6A00487F96 /* Build Universal Framework */,
				9ECF51B317549A8E00487F96 /* CopyFiles */,
				9ECF51B517549EE200487F96 /* CopyFiles */,
			);
			dependencies = (
			);
			name = D9StudioSDK_iOS;
			productName = "D9StudioSDK-iOS";
		};
/* End PBXAggregateTarget section */

/* Begin PBXBuildFile section */
		052350D61762410900A12EDA /* D9PayWebView.m in Sources */ = {isa = PBXBuildFile; fileRef = 052350D51762410900A12EDA /* D9PayWebView.m */; };
		9E1D3A25175F1FDD00C9A58E /* Security.framework in Frameworks */ = {isa = PBXBuildFile; fileRef = 9E1D3A24175F1FDD00C9A58E /* Security.framework */; };
		9E1D3A30175F33A100C9A58E /* D9SDKUtil.m in Sources */ = {isa = PBXBuildFile; fileRef = 9E1D3A2F175F33A100C9A58E /* D9SDKUtil.m */; };
		9E1D3A35175F33C900C9A58E /* GTMBase64.m in Sources */ = {isa = PBXBuildFile; fileRef = 9E1D3A33175F33C900C9A58E /* GTMBase64.m */; };
		9E92386E175C929900924B12 /* D9Request.m in Sources */ = {isa = PBXBuildFile; fileRef = 9E92386B175C929900924B12 /* D9Request.m */; };
		9E92387E175C995100924B12 /* NSObject+SBJSON.m in Sources */ = {isa = PBXBuildFile; fileRef = 9E923873175C995100924B12 /* NSObject+SBJSON.m */; };
		9E92387F175C995100924B12 /* NSString+SBJSON.m in Sources */ = {isa = PBXBuildFile; fileRef = 9E923875175C995100924B12 /* NSString+SBJSON.m */; };
		9E923880175C995100924B12 /* SBJSON.m in Sources */ = {isa = PBXBuildFile; fileRef = 9E923877175C995100924B12 /* SBJSON.m */; };
		9E923881175C995100924B12 /* SBJsonBase.m in Sources */ = {isa = PBXBuildFile; fileRef = 9E923879175C995100924B12 /* SBJsonBase.m */; };
		9E923882175C995100924B12 /* SBJsonParser.m in Sources */ = {isa = PBXBuildFile; fileRef = 9E92387B175C995100924B12 /* SBJsonParser.m */; };
		9E923883175C995100924B12 /* SBJsonWriter.m in Sources */ = {isa = PBXBuildFile; fileRef = 9E92387D175C995100924B12 /* SBJsonWriter.m */; };
		9ECF51A017549A0E00487F96 /* Foundation.framework in Frameworks */ = {isa = PBXBuildFile; fileRef = 9ECF519F17549A0E00487F96 /* Foundation.framework */; };
		9ECF51A717549A0E00487F96 /* D9StudioSDK.m in Sources */ = {isa = PBXBuildFile; fileRef = 9ECF51A617549A0E00487F96 /* D9StudioSDK.m */; };
		9ECF51CE1754A88200487F96 /* D9LoginDialog.m in Sources */ = {isa = PBXBuildFile; fileRef = 9ECF51CD1754A88200487F96 /* D9LoginDialog.m */; };
		9ECF51D01754A8E200487F96 /* UIKit.framework in Frameworks */ = {isa = PBXBuildFile; fileRef = 9ECF51CF1754A8E200487F96 /* UIKit.framework */; };
		9EE3E74E1781576900990E4D /* SFHFKeychainUtils.m in Sources */ = {isa = PBXBuildFile; fileRef = 9EE3E74D1781576900990E4D /* SFHFKeychainUtils.m */; };
		9EE3E75617817D9A00990E4D /* D9Request.h in CopyFiles */ = {isa = PBXBuildFile; fileRef = 9E92386A175C929900924B12 /* D9Request.h */; };
		9EE3E75717817D9A00990E4D /* D9StudioSDK.h in CopyFiles */ = {isa = PBXBuildFile; fileRef = 9ECF51A417549A0E00487F96 /* D9StudioSDK.h */; };
		9EE3E75817817D9A00990E4D /* D9LoginDialog.h in CopyFiles */ = {isa = PBXBuildFile; fileRef = 9ECF51CC1754A88200487F96 /* D9LoginDialog.h */; };
		9EF6BDD8178A52F90010F497 /* D9Resource.bundle in CopyFiles */ = {isa = PBXBuildFile; fileRef = 9EF6BDD7178A52F90010F497 /* D9Resource.bundle */; };
		9EFE22901786A888008EAA0C /* libcrypto.a in Frameworks */ = {isa = PBXBuildFile; fileRef = 9EFE228E1786A888008EAA0C /* libcrypto.a */; };
		9EFE22911786A888008EAA0C /* libssl.a in Frameworks */ = {isa = PBXBuildFile; fileRef = 9EFE228F1786A888008EAA0C /* libssl.a */; };
		9EFE22F11786A896008EAA0C /* DataSigner.m in Sources */ = {isa = PBXBuildFile; fileRef = 9EFE22941786A896008EAA0C /* DataSigner.m */; };
		9EFE22F21786A896008EAA0C /* DataVerifier.m in Sources */ = {isa = PBXBuildFile; fileRef = 9EFE22961786A896008EAA0C /* DataVerifier.m */; };
		9EFE22F31786A896008EAA0C /* base64.m in Sources */ = {isa = PBXBuildFile; fileRef = 9EFE22E51786A896008EAA0C /* base64.m */; };
		9EFE22F41786A896008EAA0C /* MD5DataSigner.m in Sources */ = {isa = PBXBuildFile; fileRef = 9EFE22E81786A896008EAA0C /* MD5DataSigner.m */; };
		9EFE22F51786A896008EAA0C /* NSDataEx.m in Sources */ = {isa = PBXBuildFile; fileRef = 9EFE22EA1786A896008EAA0C /* NSDataEx.m */; };
		9EFE22F61786A896008EAA0C /* openssl_wrapper.m in Sources */ = {isa = PBXBuildFile; fileRef = 9EFE22EC1786A896008EAA0C /* openssl_wrapper.m */; };
		9EFE22F71786A896008EAA0C /* RSADataSigner.m in Sources */ = {isa = PBXBuildFile; fileRef = 9EFE22EE1786A896008EAA0C /* RSADataSigner.m */; };
		9EFE22F81786A896008EAA0C /* RSADataVerifier.m in Sources */ = {isa = PBXBuildFile; fileRef = 9EFE22F01786A896008EAA0C /* RSADataVerifier.m */; };
/* End PBXBuildFile section */

/* Begin PBXCopyFilesBuildPhase section */
		9ECF51B317549A8E00487F96 /* CopyFiles */ = {
			isa = PBXCopyFilesBuildPhase;
			buildActionMask = 2147483647;
			dstPath = "${BUILD_DIR}/${CONFIGURATION}-iphoneuniversal/${PRODUCT_NAME}.framework/Versions/A/Headers/";
			dstSubfolderSpec = 0;
			files = (
				9EE3E75617817D9A00990E4D /* D9Request.h in CopyFiles */,
				9EE3E75717817D9A00990E4D /* D9StudioSDK.h in CopyFiles */,
				9EE3E75817817D9A00990E4D /* D9LoginDialog.h in CopyFiles */,
			);
			runOnlyForDeploymentPostprocessing = 0;
		};
		9ECF51B517549EE200487F96 /* CopyFiles */ = {
			isa = PBXCopyFilesBuildPhase;
			buildActionMask = 2147483647;
			dstPath = "${BUILD_DIR}/${CONFIGURATION}-iphoneuniversal/${PRODUCT_NAME}.framework/Versions/A/Resources/";
			dstSubfolderSpec = 0;
			files = (
				9EF6BDD8178A52F90010F497 /* D9Resource.bundle in CopyFiles */,
			);
			runOnlyForDeploymentPostprocessing = 0;
		};
/* End PBXCopyFilesBuildPhase section */

/* Begin PBXFileReference section */
		052350D41762410900A12EDA /* D9PayWebView.h */ = {isa = PBXFileReference; fileEncoding = 4; lastKnownFileType = sourcecode.c.h; path = D9PayWebView.h; sourceTree = "<group>"; };
		052350D51762410900A12EDA /* D9PayWebView.m */ = {isa = PBXFileReference; fileEncoding = 4; lastKnownFileType = sourcecode.c.objc; path = D9PayWebView.m; sourceTree = "<group>"; };
		9E1D3A24175F1FDD00C9A58E /* Security.framework */ = {isa = PBXFileReference; lastKnownFileType = wrapper.framework; name = Security.framework; path = System/Library/Frameworks/Security.framework; sourceTree = SDKROOT; };
		9E1D3A2E175F33A100C9A58E /* D9SDKUtil.h */ = {isa = PBXFileReference; fileEncoding = 4; lastKnownFileType = sourcecode.c.h; path = D9SDKUtil.h; sourceTree = "<group>"; };
		9E1D3A2F175F33A100C9A58E /* D9SDKUtil.m */ = {isa = PBXFileReference; fileEncoding = 4; lastKnownFileType = sourcecode.c.objc; path = D9SDKUtil.m; sourceTree = "<group>"; };
		9E1D3A32175F33C900C9A58E /* GTMBase64.h */ = {isa = PBXFileReference; fileEncoding = 4; lastKnownFileType = sourcecode.c.h; path = GTMBase64.h; sourceTree = "<group>"; };
		9E1D3A33175F33C900C9A58E /* GTMBase64.m */ = {isa = PBXFileReference; fileEncoding = 4; lastKnownFileType = sourcecode.c.objc; path = GTMBase64.m; sourceTree = "<group>"; };
		9E1D3A34175F33C900C9A58E /* GTMDefines.h */ = {isa = PBXFileReference; fileEncoding = 4; lastKnownFileType = sourcecode.c.h; path = GTMDefines.h; sourceTree = "<group>"; };
		9E3BF49E1758ACC4006AE29D /* D9SDKGlobal.h */ = {isa = PBXFileReference; lastKnownFileType = sourcecode.c.h; path = D9SDKGlobal.h; sourceTree = "<group>"; };
		9E92386A175C929900924B12 /* D9Request.h */ = {isa = PBXFileReference; fileEncoding = 4; lastKnownFileType = sourcecode.c.h; path = D9Request.h; sourceTree = "<group>"; };
		9E92386B175C929900924B12 /* D9Request.m */ = {isa = PBXFileReference; fileEncoding = 4; lastKnownFileType = sourcecode.c.objc; path = D9Request.m; sourceTree = "<group>"; };
		9E923871175C995100924B12 /* JSON.h */ = {isa = PBXFileReference; fileEncoding = 4; lastKnownFileType = sourcecode.c.h; path = JSON.h; sourceTree = "<group>"; };
		9E923872175C995100924B12 /* NSObject+SBJSON.h */ = {isa = PBXFileReference; fileEncoding = 4; lastKnownFileType = sourcecode.c.h; path = "NSObject+SBJSON.h"; sourceTree = "<group>"; };
		9E923873175C995100924B12 /* NSObject+SBJSON.m */ = {isa = PBXFileReference; fileEncoding = 4; lastKnownFileType = sourcecode.c.objc; path = "NSObject+SBJSON.m"; sourceTree = "<group>"; };
		9E923874175C995100924B12 /* NSString+SBJSON.h */ = {isa = PBXFileReference; fileEncoding = 4; lastKnownFileType = sourcecode.c.h; path = "NSString+SBJSON.h"; sourceTree = "<group>"; };
		9E923875175C995100924B12 /* NSString+SBJSON.m */ = {isa = PBXFileReference; fileEncoding = 4; lastKnownFileType = sourcecode.c.objc; path = "NSString+SBJSON.m"; sourceTree = "<group>"; };
		9E923876175C995100924B12 /* SBJSON.h */ = {isa = PBXFileReference; fileEncoding = 4; lastKnownFileType = sourcecode.c.h; path = SBJSON.h; sourceTree = "<group>"; };
		9E923877175C995100924B12 /* SBJSON.m */ = {isa = PBXFileReference; fileEncoding = 4; lastKnownFileType = sourcecode.c.objc; path = SBJSON.m; sourceTree = "<group>"; };
		9E923878175C995100924B12 /* SBJsonBase.h */ = {isa = PBXFileReference; fileEncoding = 4; lastKnownFileType = sourcecode.c.h; path = SBJsonBase.h; sourceTree = "<group>"; };
		9E923879175C995100924B12 /* SBJsonBase.m */ = {isa = PBXFileReference; fileEncoding = 4; lastKnownFileType = sourcecode.c.objc; path = SBJsonBase.m; sourceTree = "<group>"; };
		9E92387A175C995100924B12 /* SBJsonParser.h */ = {isa = PBXFileReference; fileEncoding = 4; lastKnownFileType = sourcecode.c.h; path = SBJsonParser.h; sourceTree = "<group>"; };
		9E92387B175C995100924B12 /* SBJsonParser.m */ = {isa = PBXFileReference; fileEncoding = 4; lastKnownFileType = sourcecode.c.objc; path = SBJsonParser.m; sourceTree = "<group>"; };
		9E92387C175C995100924B12 /* SBJsonWriter.h */ = {isa = PBXFileReference; fileEncoding = 4; lastKnownFileType = sourcecode.c.h; path = SBJsonWriter.h; sourceTree = "<group>"; };
		9E92387D175C995100924B12 /* SBJsonWriter.m */ = {isa = PBXFileReference; fileEncoding = 4; lastKnownFileType = sourcecode.c.objc; path = SBJsonWriter.m; sourceTree = "<group>"; };
		9ECF519C17549A0E00487F96 /* libD9StudioSDK.a */ = {isa = PBXFileReference; explicitFileType = archive.ar; includeInIndex = 0; path = libD9StudioSDK.a; sourceTree = BUILT_PRODUCTS_DIR; };
		9ECF519F17549A0E00487F96 /* Foundation.framework */ = {isa = PBXFileReference; lastKnownFileType = wrapper.framework; name = Foundation.framework; path = System/Library/Frameworks/Foundation.framework; sourceTree = SDKROOT; };
		9ECF51A317549A0E00487F96 /* D9StudioSDK-Prefix.pch */ = {isa = PBXFileReference; lastKnownFileType = sourcecode.c.h; path = "D9StudioSDK-Prefix.pch"; sourceTree = "<group>"; };
		9ECF51A417549A0E00487F96 /* D9StudioSDK.h */ = {isa = PBXFileReference; lastKnownFileType = sourcecode.c.h; path = D9StudioSDK.h; sourceTree = "<group>"; };
		9ECF51A617549A0E00487F96 /* D9StudioSDK.m */ = {isa = PBXFileReference; lastKnownFileType = sourcecode.c.objc; path = D9StudioSDK.m; sourceTree = "<group>"; };
		9ECF51CC1754A88200487F96 /* D9LoginDialog.h */ = {isa = PBXFileReference; fileEncoding = 4; lastKnownFileType = sourcecode.c.h; path = D9LoginDialog.h; sourceTree = "<group>"; };
		9ECF51CD1754A88200487F96 /* D9LoginDialog.m */ = {isa = PBXFileReference; fileEncoding = 4; lastKnownFileType = sourcecode.c.objc; path = D9LoginDialog.m; sourceTree = "<group>"; };
		9ECF51CF1754A8E200487F96 /* UIKit.framework */ = {isa = PBXFileReference; lastKnownFileType = wrapper.framework; name = UIKit.framework; path = System/Library/Frameworks/UIKit.framework; sourceTree = SDKROOT; };
		9EE3E74C1781576900990E4D /* SFHFKeychainUtils.h */ = {isa = PBXFileReference; fileEncoding = 4; lastKnownFileType = sourcecode.c.h; path = SFHFKeychainUtils.h; sourceTree = "<group>"; };
		9EE3E74D1781576900990E4D /* SFHFKeychainUtils.m */ = {isa = PBXFileReference; fileEncoding = 4; lastKnownFileType = sourcecode.c.objc; path = SFHFKeychainUtils.m; sourceTree = "<group>"; };
		9EF6BDD7178A52F90010F497 /* D9Resource.bundle */ = {isa = PBXFileReference; lastKnownFileType = "wrapper.plug-in"; path = D9Resource.bundle; sourceTree = "<group>"; };
		9EFE228E1786A888008EAA0C /* libcrypto.a */ = {isa = PBXFileReference; lastKnownFileType = archive.ar; name = libcrypto.a; path = D9StudioSDK/libcrypto.a; sourceTree = "<group>"; };
		9EFE228F1786A888008EAA0C /* libssl.a */ = {isa = PBXFileReference; lastKnownFileType = archive.ar; name = libssl.a; path = D9StudioSDK/libssl.a; sourceTree = "<group>"; };
		9EFE22931786A896008EAA0C /* DataSigner.h */ = {isa = PBXFileReference; fileEncoding = 4; lastKnownFileType = sourcecode.c.h; path = DataSigner.h; sourceTree = "<group>"; };
		9EFE22941786A896008EAA0C /* DataSigner.m */ = {isa = PBXFileReference; fileEncoding = 4; lastKnownFileType = sourcecode.c.objc; path = DataSigner.m; sourceTree = "<group>"; };
		9EFE22951786A896008EAA0C /* DataVerifier.h */ = {isa = PBXFileReference; fileEncoding = 4; lastKnownFileType = sourcecode.c.h; path = DataVerifier.h; sourceTree = "<group>"; };
		9EFE22961786A896008EAA0C /* DataVerifier.m */ = {isa = PBXFileReference; fileEncoding = 4; lastKnownFileType = sourcecode.c.objc; path = DataVerifier.m; sourceTree = "<group>"; };
		9EFE22981786A896008EAA0C /* aes.h */ = {isa = PBXFileReference; fileEncoding = 4; lastKnownFileType = sourcecode.c.h; path = aes.h; sourceTree = "<group>"; };
		9EFE22991786A896008EAA0C /* asn1.h */ = {isa = PBXFileReference; fileEncoding = 4; lastKnownFileType = sourcecode.c.h; path = asn1.h; sourceTree = "<group>"; };
		9EFE229A1786A896008EAA0C /* asn1_mac.h */ = {isa = PBXFileReference; fileEncoding = 4; lastKnownFileType = sourcecode.c.h; path = asn1_mac.h; sourceTree = "<group>"; };
		9EFE229B1786A896008EAA0C /* asn1t.h */ = {isa = PBXFileReference; fileEncoding = 4; lastKnownFileType = sourcecode.c.h; path = asn1t.h; sourceTree = "<group>"; };
		9EFE229C1786A896008EAA0C /* bio.h */ = {isa = PBXFileReference; fileEncoding = 4; lastKnownFileType = sourcecode.c.h; path = bio.h; sourceTree = "<group>"; };
		9EFE229D1786A896008EAA0C /* blowfish.h */ = {isa = PBXFileReference; fileEncoding = 4; lastKnownFileType = sourcecode.c.h; path = blowfish.h; sourceTree = "<group>"; };
		9EFE229E1786A896008EAA0C /* bn.h */ = {isa = PBXFileReference; fileEncoding = 4; lastKnownFileType = sourcecode.c.h; path = bn.h; sourceTree = "<group>"; };
		9EFE229F1786A896008EAA0C /* buffer.h */ = {isa = PBXFileReference; fileEncoding = 4; lastKnownFileType = sourcecode.c.h; path = buffer.h; sourceTree = "<group>"; };
		9EFE22A01786A896008EAA0C /* camellia.h */ = {isa = PBXFileReference; fileEncoding = 4; lastKnownFileType = sourcecode.c.h; path = camellia.h; sourceTree = "<group>"; };
		9EFE22A11786A896008EAA0C /* cast.h */ = {isa = PBXFileReference; fileEncoding = 4; lastKnownFileType = sourcecode.c.h; path = cast.h; sourceTree = "<group>"; };
		9EFE22A21786A896008EAA0C /* cmac.h */ = {isa = PBXFileReference; fileEncoding = 4; lastKnownFileType = sourcecode.c.h; path = cmac.h; sourceTree = "<group>"; };
		9EFE22A31786A896008EAA0C /* cms.h */ = {isa = PBXFileReference; fileEncoding = 4; lastKnownFileType = sourcecode.c.h; path = cms.h; sourceTree = "<group>"; };
		9EFE22A41786A896008EAA0C /* comp.h */ = {isa = PBXFileReference; fileEncoding = 4; lastKnownFileType = sourcecode.c.h; path = comp.h; sourceTree = "<group>"; };
		9EFE22A51786A896008EAA0C /* conf.h */ = {isa = PBXFileReference; fileEncoding = 4; lastKnownFileType = sourcecode.c.h; path = conf.h; sourceTree = "<group>"; };
		9EFE22A61786A896008EAA0C /* conf_api.h */ = {isa = PBXFileReference; fileEncoding = 4; lastKnownFileType = sourcecode.c.h; path = conf_api.h; sourceTree = "<group>"; };
		9EFE22A71786A896008EAA0C /* crypto.h */ = {isa = PBXFileReference; fileEncoding = 4; lastKnownFileType = sourcecode.c.h; path = crypto.h; sourceTree = "<group>"; };
		9EFE22A81786A896008EAA0C /* des.h */ = {isa = PBXFileReference; fileEncoding = 4; lastKnownFileType = sourcecode.c.h; path = des.h; sourceTree = "<group>"; };
		9EFE22A91786A896008EAA0C /* des_old.h */ = {isa = PBXFileReference; fileEncoding = 4; lastKnownFileType = sourcecode.c.h; path = des_old.h; sourceTree = "<group>"; };
		9EFE22AA1786A896008EAA0C /* dh.h */ = {isa = PBXFileReference; fileEncoding = 4; lastKnownFileType = sourcecode.c.h; path = dh.h; sourceTree = "<group>"; };
		9EFE22AB1786A896008EAA0C /* dsa.h */ = {isa = PBXFileReference; fileEncoding = 4; lastKnownFileType = sourcecode.c.h; path = dsa.h; sourceTree = "<group>"; };
		9EFE22AC1786A896008EAA0C /* dso.h */ = {isa = PBXFileReference; fileEncoding = 4; lastKnownFileType = sourcecode.c.h; path = dso.h; sourceTree = "<group>"; };
		9EFE22AD1786A896008EAA0C /* dtls1.h */ = {isa = PBXFileReference; fileEncoding = 4; lastKnownFileType = sourcecode.c.h; path = dtls1.h; sourceTree = "<group>"; };
		9EFE22AE1786A896008EAA0C /* e_os2.h */ = {isa = PBXFileReference; fileEncoding = 4; lastKnownFileType = sourcecode.c.h; path = e_os2.h; sourceTree = "<group>"; };
		9EFE22AF1786A896008EAA0C /* ebcdic.h */ = {isa = PBXFileReference; fileEncoding = 4; lastKnownFileType = sourcecode.c.h; path = ebcdic.h; sourceTree = "<group>"; };
		9EFE22B01786A896008EAA0C /* ec.h */ = {isa = PBXFileReference; fileEncoding = 4; lastKnownFileType = sourcecode.c.h; path = ec.h; sourceTree = "<group>"; };
		9EFE22B11786A896008EAA0C /* ecdh.h */ = {isa = PBXFileReference; fileEncoding = 4; lastKnownFileType = sourcecode.c.h; path = ecdh.h; sourceTree = "<group>"; };
		9EFE22B21786A896008EAA0C /* ecdsa.h */ = {isa = PBXFileReference; fileEncoding = 4; lastKnownFileType = sourcecode.c.h; path = ecdsa.h; sourceTree = "<group>"; };
		9EFE22B31786A896008EAA0C /* engine.h */ = {isa = PBXFileReference; fileEncoding = 4; lastKnownFileType = sourcecode.c.h; path = engine.h; sourceTree = "<group>"; };
		9EFE22B41786A896008EAA0C /* err.h */ = {isa = PBXFileReference; fileEncoding = 4; lastKnownFileType = sourcecode.c.h; path = err.h; sourceTree = "<group>"; };
		9EFE22B51786A896008EAA0C /* evp.h */ = {isa = PBXFileReference; fileEncoding = 4; lastKnownFileType = sourcecode.c.h; path = evp.h; sourceTree = "<group>"; };
		9EFE22B61786A896008EAA0C /* hmac.h */ = {isa = PBXFileReference; fileEncoding = 4; lastKnownFileType = sourcecode.c.h; path = hmac.h; sourceTree = "<group>"; };
		9EFE22B71786A896008EAA0C /* idea.h */ = {isa = PBXFileReference; fileEncoding = 4; lastKnownFileType = sourcecode.c.h; path = idea.h; sourceTree = "<group>"; };
		9EFE22B81786A896008EAA0C /* krb5_asn.h */ = {isa = PBXFileReference; fileEncoding = 4; lastKnownFileType = sourcecode.c.h; path = krb5_asn.h; sourceTree = "<group>"; };
		9EFE22B91786A896008EAA0C /* kssl.h */ = {isa = PBXFileReference; fileEncoding = 4; lastKnownFileType = sourcecode.c.h; path = kssl.h; sourceTree = "<group>"; };
		9EFE22BA1786A896008EAA0C /* lhash.h */ = {isa = PBXFileReference; fileEncoding = 4; lastKnownFileType = sourcecode.c.h; path = lhash.h; sourceTree = "<group>"; };
		9EFE22BB1786A896008EAA0C /* md4.h */ = {isa = PBXFileReference; fileEncoding = 4; lastKnownFileType = sourcecode.c.h; path = md4.h; sourceTree = "<group>"; };
		9EFE22BC1786A896008EAA0C /* md5.h */ = {isa = PBXFileReference; fileEncoding = 4; lastKnownFileType = sourcecode.c.h; path = md5.h; sourceTree = "<group>"; };
		9EFE22BD1786A896008EAA0C /* mdc2.h */ = {isa = PBXFileReference; fileEncoding = 4; lastKnownFileType = sourcecode.c.h; path = mdc2.h; sourceTree = "<group>"; };
		9EFE22BE1786A896008EAA0C /* modes.h */ = {isa = PBXFileReference; fileEncoding = 4; lastKnownFileType = sourcecode.c.h; path = modes.h; sourceTree = "<group>"; };
		9EFE22BF1786A896008EAA0C /* obj_mac.h */ = {isa = PBXFileReference; fileEncoding = 4; lastKnownFileType = sourcecode.c.h; path = obj_mac.h; sourceTree = "<group>"; };
		9EFE22C01786A896008EAA0C /* objects.h */ = {isa = PBXFileReference; fileEncoding = 4; lastKnownFileType = sourcecode.c.h; path = objects.h; sourceTree = "<group>"; };
		9EFE22C11786A896008EAA0C /* ocsp.h */ = {isa = PBXFileReference; fileEncoding = 4; lastKnownFileType = sourcecode.c.h; path = ocsp.h; sourceTree = "<group>"; };
		9EFE22C21786A896008EAA0C /* opensslconf.h */ = {isa = PBXFileReference; fileEncoding = 4; lastKnownFileType = sourcecode.c.h; path = opensslconf.h; sourceTree = "<group>"; };
		9EFE22C31786A896008EAA0C /* opensslv.h */ = {isa = PBXFileReference; fileEncoding = 4; lastKnownFileType = sourcecode.c.h; path = opensslv.h; sourceTree = "<group>"; };
		9EFE22C41786A896008EAA0C /* ossl_typ.h */ = {isa = PBXFileReference; fileEncoding = 4; lastKnownFileType = sourcecode.c.h; path = ossl_typ.h; sourceTree = "<group>"; };
		9EFE22C51786A896008EAA0C /* pem.h */ = {isa = PBXFileReference; fileEncoding = 4; lastKnownFileType = sourcecode.c.h; path = pem.h; sourceTree = "<group>"; };
		9EFE22C61786A896008EAA0C /* pem2.h */ = {isa = PBXFileReference; fileEncoding = 4; lastKnownFileType = sourcecode.c.h; path = pem2.h; sourceTree = "<group>"; };
		9EFE22C71786A896008EAA0C /* pkcs12.h */ = {isa = PBXFileReference; fileEncoding = 4; lastKnownFileType = sourcecode.c.h; path = pkcs12.h; sourceTree = "<group>"; };
		9EFE22C81786A896008EAA0C /* pkcs7.h */ = {isa = PBXFileReference; fileEncoding = 4; lastKnownFileType = sourcecode.c.h; path = pkcs7.h; sourceTree = "<group>"; };
		9EFE22C91786A896008EAA0C /* pqueue.h */ = {isa = PBXFileReference; fileEncoding = 4; lastKnownFileType = sourcecode.c.h; path = pqueue.h; sourceTree = "<group>"; };
		9EFE22CA1786A896008EAA0C /* rand.h */ = {isa = PBXFileReference; fileEncoding = 4; lastKnownFileType = sourcecode.c.h; path = rand.h; sourceTree = "<group>"; };
		9EFE22CB1786A896008EAA0C /* rc2.h */ = {isa = PBXFileReference; fileEncoding = 4; lastKnownFileType = sourcecode.c.h; path = rc2.h; sourceTree = "<group>"; };
		9EFE22CC1786A896008EAA0C /* rc4.h */ = {isa = PBXFileReference; fileEncoding = 4; lastKnownFileType = sourcecode.c.h; path = rc4.h; sourceTree = "<group>"; };
		9EFE22CD1786A896008EAA0C /* ripemd.h */ = {isa = PBXFileReference; fileEncoding = 4; lastKnownFileType = sourcecode.c.h; path = ripemd.h; sourceTree = "<group>"; };
		9EFE22CE1786A896008EAA0C /* rsa.h */ = {isa = PBXFileReference; fileEncoding = 4; lastKnownFileType = sourcecode.c.h; path = rsa.h; sourceTree = "<group>"; };
		9EFE22CF1786A896008EAA0C /* safestack.h */ = {isa = PBXFileReference; fileEncoding = 4; lastKnownFileType = sourcecode.c.h; path = safestack.h; sourceTree = "<group>"; };
		9EFE22D01786A896008EAA0C /* seed.h */ = {isa = PBXFileReference; fileEncoding = 4; lastKnownFileType = sourcecode.c.h; path = seed.h; sourceTree = "<group>"; };
		9EFE22D11786A896008EAA0C /* sha.h */ = {isa = PBXFileReference; fileEncoding = 4; lastKnownFileType = sourcecode.c.h; path = sha.h; sourceTree = "<group>"; };
		9EFE22D21786A896008EAA0C /* srp.h */ = {isa = PBXFileReference; fileEncoding = 4; lastKnownFileType = sourcecode.c.h; path = srp.h; sourceTree = "<group>"; };
		9EFE22D31786A896008EAA0C /* srtp.h */ = {isa = PBXFileReference; fileEncoding = 4; lastKnownFileType = sourcecode.c.h; path = srtp.h; sourceTree = "<group>"; };
		9EFE22D41786A896008EAA0C /* ssl.h */ = {isa = PBXFileReference; fileEncoding = 4; lastKnownFileType = sourcecode.c.h; path = ssl.h; sourceTree = "<group>"; };
		9EFE22D51786A896008EAA0C /* ssl2.h */ = {isa = PBXFileReference; fileEncoding = 4; lastKnownFileType = sourcecode.c.h; path = ssl2.h; sourceTree = "<group>"; };
		9EFE22D61786A896008EAA0C /* ssl23.h */ = {isa = PBXFileReference; fileEncoding = 4; lastKnownFileType = sourcecode.c.h; path = ssl23.h; sourceTree = "<group>"; };
		9EFE22D71786A896008EAA0C /* ssl3.h */ = {isa = PBXFileReference; fileEncoding = 4; lastKnownFileType = sourcecode.c.h; path = ssl3.h; sourceTree = "<group>"; };
		9EFE22D81786A896008EAA0C /* stack.h */ = {isa = PBXFileReference; fileEncoding = 4; lastKnownFileType = sourcecode.c.h; path = stack.h; sourceTree = "<group>"; };
		9EFE22D91786A896008EAA0C /* symhacks.h */ = {isa = PBXFileReference; fileEncoding = 4; lastKnownFileType = sourcecode.c.h; path = symhacks.h; sourceTree = "<group>"; };
		9EFE22DA1786A896008EAA0C /* tls1.h */ = {isa = PBXFileReference; fileEncoding = 4; lastKnownFileType = sourcecode.c.h; path = tls1.h; sourceTree = "<group>"; };
		9EFE22DB1786A896008EAA0C /* ts.h */ = {isa = PBXFileReference; fileEncoding = 4; lastKnownFileType = sourcecode.c.h; path = ts.h; sourceTree = "<group>"; };
		9EFE22DC1786A896008EAA0C /* txt_db.h */ = {isa = PBXFileReference; fileEncoding = 4; lastKnownFileType = sourcecode.c.h; path = txt_db.h; sourceTree = "<group>"; };
		9EFE22DD1786A896008EAA0C /* ui.h */ = {isa = PBXFileReference; fileEncoding = 4; lastKnownFileType = sourcecode.c.h; path = ui.h; sourceTree = "<group>"; };
		9EFE22DE1786A896008EAA0C /* ui_compat.h */ = {isa = PBXFileReference; fileEncoding = 4; lastKnownFileType = sourcecode.c.h; path = ui_compat.h; sourceTree = "<group>"; };
		9EFE22DF1786A896008EAA0C /* whrlpool.h */ = {isa = PBXFileReference; fileEncoding = 4; lastKnownFileType = sourcecode.c.h; path = whrlpool.h; sourceTree = "<group>"; };
		9EFE22E01786A896008EAA0C /* x509.h */ = {isa = PBXFileReference; fileEncoding = 4; lastKnownFileType = sourcecode.c.h; path = x509.h; sourceTree = "<group>"; };
		9EFE22E11786A896008EAA0C /* x509_vfy.h */ = {isa = PBXFileReference; fileEncoding = 4; lastKnownFileType = sourcecode.c.h; path = x509_vfy.h; sourceTree = "<group>"; };
		9EFE22E21786A896008EAA0C /* x509v3.h */ = {isa = PBXFileReference; fileEncoding = 4; lastKnownFileType = sourcecode.c.h; path = x509v3.h; sourceTree = "<group>"; };
		9EFE22E41786A896008EAA0C /* base64.h */ = {isa = PBXFileReference; fileEncoding = 4; lastKnownFileType = sourcecode.c.h; path = base64.h; sourceTree = "<group>"; };
		9EFE22E51786A896008EAA0C /* base64.m */ = {isa = PBXFileReference; fileEncoding = 4; lastKnownFileType = sourcecode.c.objc; path = base64.m; sourceTree = "<group>"; };
		9EFE22E61786A896008EAA0C /* config.h */ = {isa = PBXFileReference; fileEncoding = 4; lastKnownFileType = sourcecode.c.h; path = config.h; sourceTree = "<group>"; };
		9EFE22E71786A896008EAA0C /* MD5DataSigner.h */ = {isa = PBXFileReference; fileEncoding = 4; lastKnownFileType = sourcecode.c.h; path = MD5DataSigner.h; sourceTree = "<group>"; };
		9EFE22E81786A896008EAA0C /* MD5DataSigner.m */ = {isa = PBXFileReference; fileEncoding = 4; lastKnownFileType = sourcecode.c.objc; path = MD5DataSigner.m; sourceTree = "<group>"; };
		9EFE22E91786A896008EAA0C /* NSDataEx.h */ = {isa = PBXFileReference; fileEncoding = 4; lastKnownFileType = sourcecode.c.h; path = NSDataEx.h; sourceTree = "<group>"; };
		9EFE22EA1786A896008EAA0C /* NSDataEx.m */ = {isa = PBXFileReference; fileEncoding = 4; lastKnownFileType = sourcecode.c.objc; path = NSDataEx.m; sourceTree = "<group>"; };
		9EFE22EB1786A896008EAA0C /* openssl_wrapper.h */ = {isa = PBXFileReference; fileEncoding = 4; lastKnownFileType = sourcecode.c.h; path = openssl_wrapper.h; sourceTree = "<group>"; };
		9EFE22EC1786A896008EAA0C /* openssl_wrapper.m */ = {isa = PBXFileReference; fileEncoding = 4; lastKnownFileType = sourcecode.c.objc; path = openssl_wrapper.m; sourceTree = "<group>"; };
		9EFE22ED1786A896008EAA0C /* RSADataSigner.h */ = {isa = PBXFileReference; fileEncoding = 4; lastKnownFileType = sourcecode.c.h; path = RSADataSigner.h; sourceTree = "<group>"; };
		9EFE22EE1786A896008EAA0C /* RSADataSigner.m */ = {isa = PBXFileReference; fileEncoding = 4; lastKnownFileType = sourcecode.c.objc; path = RSADataSigner.m; sourceTree = "<group>"; };
		9EFE22EF1786A896008EAA0C /* RSADataVerifier.h */ = {isa = PBXFileReference; fileEncoding = 4; lastKnownFileType = sourcecode.c.h; path = RSADataVerifier.h; sourceTree = "<group>"; };
		9EFE22F01786A896008EAA0C /* RSADataVerifier.m */ = {isa = PBXFileReference; fileEncoding = 4; lastKnownFileType = sourcecode.c.objc; path = RSADataVerifier.m; sourceTree = "<group>"; };
/* End PBXFileReference section */

/* Begin PBXFrameworksBuildPhase section */
		9ECF519917549A0E00487F96 /* Frameworks */ = {
			isa = PBXFrameworksBuildPhase;
			buildActionMask = 2147483647;
			files = (
				9E1D3A25175F1FDD00C9A58E /* Security.framework in Frameworks */,
				9ECF51D01754A8E200487F96 /* UIKit.framework in Frameworks */,
				9ECF51A017549A0E00487F96 /* Foundation.framework in Frameworks */,
				9EFE22901786A888008EAA0C /* libcrypto.a in Frameworks */,
				9EFE22911786A888008EAA0C /* libssl.a in Frameworks */,
			);
			runOnlyForDeploymentPostprocessing = 0;
		};
/* End PBXFrameworksBuildPhase section */

/* Begin PBXGroup section */
		9E1D3A31175F33C900C9A58E /* CTMBase64 */ = {
			isa = PBXGroup;
			children = (
				9E1D3A32175F33C900C9A58E /* GTMBase64.h */,
				9E1D3A33175F33C900C9A58E /* GTMBase64.m */,
				9E1D3A34175F33C900C9A58E /* GTMDefines.h */,
			);
			path = CTMBase64;
			sourceTree = "<group>";
		};
		9E923870175C995100924B12 /* SBJSON */ = {
			isa = PBXGroup;
			children = (
				9E923871175C995100924B12 /* JSON.h */,
				9E923872175C995100924B12 /* NSObject+SBJSON.h */,
				9E923873175C995100924B12 /* NSObject+SBJSON.m */,
				9E923874175C995100924B12 /* NSString+SBJSON.h */,
				9E923875175C995100924B12 /* NSString+SBJSON.m */,
				9E923876175C995100924B12 /* SBJSON.h */,
				9E923877175C995100924B12 /* SBJSON.m */,
				9E923878175C995100924B12 /* SBJsonBase.h */,
				9E923879175C995100924B12 /* SBJsonBase.m */,
				9E92387A175C995100924B12 /* SBJsonParser.h */,
				9E92387B175C995100924B12 /* SBJsonParser.m */,
				9E92387C175C995100924B12 /* SBJsonWriter.h */,
				9E92387D175C995100924B12 /* SBJsonWriter.m */,
			);
			path = SBJSON;
			sourceTree = "<group>";
		};
		9ECF519317549A0D00487F96 = {
			isa = PBXGroup;
			children = (
				9ECF51A117549A0E00487F96 /* D9StudioSDK */,
				9ECF519E17549A0E00487F96 /* Frameworks */,
				9ECF519D17549A0E00487F96 /* Products */,
			);
			sourceTree = "<group>";
		};
		9ECF519D17549A0E00487F96 /* Products */ = {
			isa = PBXGroup;
			children = (
				9ECF519C17549A0E00487F96 /* libD9StudioSDK.a */,
			);
			name = Products;
			sourceTree = "<group>";
		};
		9ECF519E17549A0E00487F96 /* Frameworks */ = {
			isa = PBXGroup;
			children = (
				9EFE228E1786A888008EAA0C /* libcrypto.a */,
				9EFE228F1786A888008EAA0C /* libssl.a */,
				9E1D3A24175F1FDD00C9A58E /* Security.framework */,
				9ECF51CF1754A8E200487F96 /* UIKit.framework */,
				9ECF519F17549A0E00487F96 /* Foundation.framework */,
			);
			name = Frameworks;
			sourceTree = "<group>";
		};
		9ECF51A117549A0E00487F96 /* D9StudioSDK */ = {
			isa = PBXGroup;
			children = (
				9EFE22921786A896008EAA0C /* Utilities */,
				9EE3E74B1781576900990E4D /* SFHFKeychainUtils */,
				9E1D3A31175F33C900C9A58E /* CTMBase64 */,
				9E923870175C995100924B12 /* SBJSON */,
				9ECF51A217549A0E00487F96 /* Supporting Files */,
				9ECF51B71754A0C100487F96 /* Resources */,
				9E92386A175C929900924B12 /* D9Request.h */,
				9E92386B175C929900924B12 /* D9Request.m */,
				9E1D3A2E175F33A100C9A58E /* D9SDKUtil.h */,
				9E1D3A2F175F33A100C9A58E /* D9SDKUtil.m */,
				9ECF51A417549A0E00487F96 /* D9StudioSDK.h */,
				9ECF51A617549A0E00487F96 /* D9StudioSDK.m */,
				9ECF51CC1754A88200487F96 /* D9LoginDialog.h */,
				9ECF51CD1754A88200487F96 /* D9LoginDialog.m */,
				9E3BF49E1758ACC4006AE29D /* D9SDKGlobal.h */,
				052350D41762410900A12EDA /* D9PayWebView.h */,
				052350D51762410900A12EDA /* D9PayWebView.m */,
			);
			path = D9StudioSDK;
			sourceTree = "<group>";
		};
		9ECF51A217549A0E00487F96 /* Supporting Files */ = {
			isa = PBXGroup;
			children = (
				9ECF51A317549A0E00487F96 /* D9StudioSDK-Prefix.pch */,
			);
			name = "Supporting Files";
			sourceTree = "<group>";
		};
		9ECF51B71754A0C100487F96 /* Resources */ = {
			isa = PBXGroup;
			children = (
				9EF6BDD7178A52F90010F497 /* D9Resource.bundle */,
			);
			path = Resources;
			sourceTree = SOURCE_ROOT;
		};
		9EE3E74B1781576900990E4D /* SFHFKeychainUtils */ = {
			isa = PBXGroup;
			children = (
				9EE3E74C1781576900990E4D /* SFHFKeychainUtils.h */,
				9EE3E74D1781576900990E4D /* SFHFKeychainUtils.m */,
			);
			path = SFHFKeychainUtils;
			sourceTree = "<group>";
		};
		9EFE22921786A896008EAA0C /* Utilities */ = {
			isa = PBXGroup;
			children = (
				9EFE22931786A896008EAA0C /* DataSigner.h */,
				9EFE22941786A896008EAA0C /* DataSigner.m */,
				9EFE22951786A896008EAA0C /* DataVerifier.h */,
				9EFE22961786A896008EAA0C /* DataVerifier.m */,
				9EFE22971786A896008EAA0C /* openssl */,
				9EFE22E31786A896008EAA0C /* src */,
			);
			path = Utilities;
			sourceTree = "<group>";
		};
		9EFE22971786A896008EAA0C /* openssl */ = {
			isa = PBXGroup;
			children = (
				9EFE22981786A896008EAA0C /* aes.h */,
				9EFE22991786A896008EAA0C /* asn1.h */,
				9EFE229A1786A896008EAA0C /* asn1_mac.h */,
				9EFE229B1786A896008EAA0C /* asn1t.h */,
				9EFE229C1786A896008EAA0C /* bio.h */,
				9EFE229D1786A896008EAA0C /* blowfish.h */,
				9EFE229E1786A896008EAA0C /* bn.h */,
				9EFE229F1786A896008EAA0C /* buffer.h */,
				9EFE22A01786A896008EAA0C /* camellia.h */,
				9EFE22A11786A896008EAA0C /* cast.h */,
				9EFE22A21786A896008EAA0C /* cmac.h */,
				9EFE22A31786A896008EAA0C /* cms.h */,
				9EFE22A41786A896008EAA0C /* comp.h */,
				9EFE22A51786A896008EAA0C /* conf.h */,
				9EFE22A61786A896008EAA0C /* conf_api.h */,
				9EFE22A71786A896008EAA0C /* crypto.h */,
				9EFE22A81786A896008EAA0C /* des.h */,
				9EFE22A91786A896008EAA0C /* des_old.h */,
				9EFE22AA1786A896008EAA0C /* dh.h */,
				9EFE22AB1786A896008EAA0C /* dsa.h */,
				9EFE22AC1786A896008EAA0C /* dso.h */,
				9EFE22AD1786A896008EAA0C /* dtls1.h */,
				9EFE22AE1786A896008EAA0C /* e_os2.h */,
				9EFE22AF1786A896008EAA0C /* ebcdic.h */,
				9EFE22B01786A896008EAA0C /* ec.h */,
				9EFE22B11786A896008EAA0C /* ecdh.h */,
				9EFE22B21786A896008EAA0C /* ecdsa.h */,
				9EFE22B31786A896008EAA0C /* engine.h */,
				9EFE22B41786A896008EAA0C /* err.h */,
				9EFE22B51786A896008EAA0C /* evp.h */,
				9EFE22B61786A896008EAA0C /* hmac.h */,
				9EFE22B71786A896008EAA0C /* idea.h */,
				9EFE22B81786A896008EAA0C /* krb5_asn.h */,
				9EFE22B91786A896008EAA0C /* kssl.h */,
				9EFE22BA1786A896008EAA0C /* lhash.h */,
				9EFE22BB1786A896008EAA0C /* md4.h */,
				9EFE22BC1786A896008EAA0C /* md5.h */,
				9EFE22BD1786A896008EAA0C /* mdc2.h */,
				9EFE22BE1786A896008EAA0C /* modes.h */,
				9EFE22BF1786A896008EAA0C /* obj_mac.h */,
				9EFE22C01786A896008EAA0C /* objects.h */,
				9EFE22C11786A896008EAA0C /* ocsp.h */,
				9EFE22C21786A896008EAA0C /* opensslconf.h */,
				9EFE22C31786A896008EAA0C /* opensslv.h */,
				9EFE22C41786A896008EAA0C /* ossl_typ.h */,
				9EFE22C51786A896008EAA0C /* pem.h */,
				9EFE22C61786A896008EAA0C /* pem2.h */,
				9EFE22C71786A896008EAA0C /* pkcs12.h */,
				9EFE22C81786A896008EAA0C /* pkcs7.h */,
				9EFE22C91786A896008EAA0C /* pqueue.h */,
				9EFE22CA1786A896008EAA0C /* rand.h */,
				9EFE22CB1786A896008EAA0C /* rc2.h */,
				9EFE22CC1786A896008EAA0C /* rc4.h */,
				9EFE22CD1786A896008EAA0C /* ripemd.h */,
				9EFE22CE1786A896008EAA0C /* rsa.h */,
				9EFE22CF1786A896008EAA0C /* safestack.h */,
				9EFE22D01786A896008EAA0C /* seed.h */,
				9EFE22D11786A896008EAA0C /* sha.h */,
				9EFE22D21786A896008EAA0C /* srp.h */,
				9EFE22D31786A896008EAA0C /* srtp.h */,
				9EFE22D41786A896008EAA0C /* ssl.h */,
				9EFE22D51786A896008EAA0C /* ssl2.h */,
				9EFE22D61786A896008EAA0C /* ssl23.h */,
				9EFE22D71786A896008EAA0C /* ssl3.h */,
				9EFE22D81786A896008EAA0C /* stack.h */,
				9EFE22D91786A896008EAA0C /* symhacks.h */,
				9EFE22DA1786A896008EAA0C /* tls1.h */,
				9EFE22DB1786A896008EAA0C /* ts.h */,
				9EFE22DC1786A896008EAA0C /* txt_db.h */,
				9EFE22DD1786A896008EAA0C /* ui.h */,
				9EFE22DE1786A896008EAA0C /* ui_compat.h */,
				9EFE22DF1786A896008EAA0C /* whrlpool.h */,
				9EFE22E01786A896008EAA0C /* x509.h */,
				9EFE22E11786A896008EAA0C /* x509_vfy.h */,
				9EFE22E21786A896008EAA0C /* x509v3.h */,
			);
			path = openssl;
			sourceTree = "<group>";
		};
		9EFE22E31786A896008EAA0C /* src */ = {
			isa = PBXGroup;
			children = (
				9EFE22E41786A896008EAA0C /* base64.h */,
				9EFE22E51786A896008EAA0C /* base64.m */,
				9EFE22E61786A896008EAA0C /* config.h */,
				9EFE22E71786A896008EAA0C /* MD5DataSigner.h */,
				9EFE22E81786A896008EAA0C /* MD5DataSigner.m */,
				9EFE22E91786A896008EAA0C /* NSDataEx.h */,
				9EFE22EA1786A896008EAA0C /* NSDataEx.m */,
				9EFE22EB1786A896008EAA0C /* openssl_wrapper.h */,
				9EFE22EC1786A896008EAA0C /* openssl_wrapper.m */,
				9EFE22ED1786A896008EAA0C /* RSADataSigner.h */,
				9EFE22EE1786A896008EAA0C /* RSADataSigner.m */,
				9EFE22EF1786A896008EAA0C /* RSADataVerifier.h */,
				9EFE22F01786A896008EAA0C /* RSADataVerifier.m */,
			);
			path = src;
			sourceTree = "<group>";
		};
/* End PBXGroup section */

/* Begin PBXNativeTarget section */
		9ECF519B17549A0E00487F96 /* D9StudioSDK */ = {
			isa = PBXNativeTarget;
			buildConfigurationList = 9ECF51AA17549A0E00487F96 /* Build configuration list for PBXNativeTarget "D9StudioSDK" */;
			buildPhases = (
				9ECF519817549A0E00487F96 /* Sources */,
				9ECF519917549A0E00487F96 /* Frameworks */,
			);
			buildRules = (
			);
			dependencies = (
			);
			name = D9StudioSDK;
			productName = D9StudioSDK;
			productReference = 9ECF519C17549A0E00487F96 /* libD9StudioSDK.a */;
			productType = "com.apple.product-type.library.static";
		};
/* End PBXNativeTarget section */

/* Begin PBXProject section */
		9ECF519417549A0D00487F96 /* Project object */ = {
			isa = PBXProject;
			attributes = {
				LastUpgradeCheck = 0460;
				ORGANIZATIONNAME = "朱 俊杰";
			};
			buildConfigurationList = 9ECF519717549A0D00487F96 /* Build configuration list for PBXProject "D9StudioSDK" */;
			compatibilityVersion = "Xcode 3.2";
			developmentRegion = English;
			hasScannedForEncodings = 0;
			knownRegions = (
				en,
			);
			mainGroup = 9ECF519317549A0D00487F96;
			productRefGroup = 9ECF519D17549A0E00487F96 /* Products */;
			projectDirPath = "";
			projectRoot = "";
			targets = (
				9ECF519B17549A0E00487F96 /* D9StudioSDK */,
				9ECF51AD17549A3800487F96 /* D9StudioSDK_iOS */,
			);
		};
/* End PBXProject section */

/* Begin PBXShellScriptBuildPhase section */
		9ECF51B117549A4000487F96 /* Build Static Libs */ = {
			isa = PBXShellScriptBuildPhase;
			buildActionMask = 2147483647;
			files = (
			);
			inputPaths = (
			);
			name = "Build Static Libs";
			outputPaths = (
			);
			runOnlyForDeploymentPostprocessing = 0;
			shellPath = /bin/sh;
			shellScript = "xcodebuild -project ${PROJECT_NAME}.xcodeproj -sdk iphonesimulator -target ${PROJECT_NAME} -configuration ${CONFIGURATION} clean build CONFIGURATION_BUILD_DIR=${BUILD_DIR}/${CONFIGURATION}-iphonesimulator\n\nxcodebuild -project ${PROJECT_NAME}.xcodeproj -sdk iphoneos -target ${PROJECT_NAME} -configuration ${CONFIGURATION} clean build CONFIGURATION_BUILD_DIR=${BUILD_DIR}/${CONFIGURATION}-iphoneos";
		};
		9ECF51B217549A6A00487F96 /* Build Universal Framework */ = {
			isa = PBXShellScriptBuildPhase;
			buildActionMask = 2147483647;
			files = (
			);
			inputPaths = (
			);
			name = "Build Universal Framework";
			outputPaths = (
			);
			runOnlyForDeploymentPostprocessing = 0;
			shellPath = /bin/sh;
			shellScript = "SIMULATOR_LIBRARY_PATH=\"${BUILD_DIR}/${CONFIGURATION}-iphonesimulator/lib${PROJECT_NAME}.a\" &&\nDEVICE_LIBRARY_PATH=\"${BUILD_DIR}/${CONFIGURATION}-iphoneos/lib${PROJECT_NAME}.a\" &&\nUNIVERSAL_LIBRARY_DIR=\"${BUILD_DIR}/${CONFIGURATION}-iphoneuniversal\" &&\nUNIVERSAL_LIBRARY_PATH=\"${UNIVERSAL_LIBRARY_DIR}/${PRODUCT_NAME}\" &&\nFRAMEWORK=\"${UNIVERSAL_LIBRARY_DIR}/${PRODUCT_NAME}.framework\" &&\n\n# Create framework directory structure.\nrm -rf \"${FRAMEWORK}\" &&\nmkdir -p \"${UNIVERSAL_LIBRARY_DIR}\" &&\nmkdir -p \"${FRAMEWORK}/Versions/A/Headers\" &&\nmkdir -p \"${FRAMEWORK}/Versions/A/Resources\" &&\n\n# Generate universal binary for the device and simulator.\nlipo \"${SIMULATOR_LIBRARY_PATH}\" \"${DEVICE_LIBRARY_PATH}\" -create -output \"${UNIVERSAL_LIBRARY_PATH}\" &&\n\n# Move files to appropriate locations in framework paths.\ncp \"${UNIVERSAL_LIBRARY_PATH}\" \"${FRAMEWORK}/Versions/A\" &&\nln -s \"A\" \"${FRAMEWORK}/Versions/Current\" &&\nln -s \"Versions/Current/Headers\" \"${FRAMEWORK}/Headers\" &&\nln -s \"Versions/Current/Resources\" \"${FRAMEWORK}/Resources\" &&\nln -s \"Versions/Current/${PRODUCT_NAME}\" \"${FRAMEWORK}/${PRODUCT_NAME}\"";
		};
/* End PBXShellScriptBuildPhase section */

/* Begin PBXSourcesBuildPhase section */
		9ECF519817549A0E00487F96 /* Sources */ = {
			isa = PBXSourcesBuildPhase;
			buildActionMask = 2147483647;
			files = (
				9ECF51A717549A0E00487F96 /* D9StudioSDK.m in Sources */,
				9ECF51CE1754A88200487F96 /* D9LoginDialog.m in Sources */,
				9E92386E175C929900924B12 /* D9Request.m in Sources */,
				9E92387E175C995100924B12 /* NSObject+SBJSON.m in Sources */,
				9E92387F175C995100924B12 /* NSString+SBJSON.m in Sources */,
				9E923880175C995100924B12 /* SBJSON.m in Sources */,
				9E923881175C995100924B12 /* SBJsonBase.m in Sources */,
				9E923882175C995100924B12 /* SBJsonParser.m in Sources */,
				9E923883175C995100924B12 /* SBJsonWriter.m in Sources */,
				9E1D3A30175F33A100C9A58E /* D9SDKUtil.m in Sources */,
				9E1D3A35175F33C900C9A58E /* GTMBase64.m in Sources */,
				052350D61762410900A12EDA /* D9PayWebView.m in Sources */,
				9EE3E74E1781576900990E4D /* SFHFKeychainUtils.m in Sources */,
				9EFE22F11786A896008EAA0C /* DataSigner.m in Sources */,
				9EFE22F21786A896008EAA0C /* DataVerifier.m in Sources */,
				9EFE22F31786A896008EAA0C /* base64.m in Sources */,
				9EFE22F41786A896008EAA0C /* MD5DataSigner.m in Sources */,
				9EFE22F51786A896008EAA0C /* NSDataEx.m in Sources */,
				9EFE22F61786A896008EAA0C /* openssl_wrapper.m in Sources */,
				9EFE22F71786A896008EAA0C /* RSADataSigner.m in Sources */,
				9EFE22F81786A896008EAA0C /* RSADataVerifier.m in Sources */,
			);
			runOnlyForDeploymentPostprocessing = 0;
		};
/* End PBXSourcesBuildPhase section */

/* Begin XCBuildConfiguration section */
		9ECF51A817549A0E00487F96 /* Debug */ = {
			isa = XCBuildConfiguration;
			buildSettings = {
				ALWAYS_SEARCH_USER_PATHS = NO;
				CLANG_CXX_LANGUAGE_STANDARD = "gnu++0x";
				CLANG_CXX_LIBRARY = "libc++";
				CLANG_WARN_CONSTANT_CONVERSION = YES;
				CLANG_WARN_EMPTY_BODY = YES;
				CLANG_WARN_ENUM_CONVERSION = YES;
				CLANG_WARN_INT_CONVERSION = YES;
				CLANG_WARN__DUPLICATE_METHOD_MATCH = YES;
				COPY_PHASE_STRIP = NO;
				GCC_C_LANGUAGE_STANDARD = gnu99;
				GCC_DYNAMIC_NO_PIC = NO;
				GCC_OPTIMIZATION_LEVEL = 0;
				GCC_PREPROCESSOR_DEFINITIONS = (
					"DEBUG=1",
					"$(inherited)",
				);
				GCC_SYMBOLS_PRIVATE_EXTERN = NO;
				GCC_WARN_ABOUT_RETURN_TYPE = YES;
				GCC_WARN_UNINITIALIZED_AUTOS = YES;
				GCC_WARN_UNUSED_VARIABLE = YES;
				IPHONEOS_DEPLOYMENT_TARGET = 4.3;
				ONLY_ACTIVE_ARCH = YES;
				SDKROOT = iphoneos;
			};
			name = Debug;
		};
		9ECF51A917549A0E00487F96 /* Release */ = {
			isa = XCBuildConfiguration;
			buildSettings = {
				ALWAYS_SEARCH_USER_PATHS = NO;
				CLANG_CXX_LANGUAGE_STANDARD = "gnu++0x";
				CLANG_CXX_LIBRARY = "libc++";
				CLANG_WARN_CONSTANT_CONVERSION = YES;
				CLANG_WARN_EMPTY_BODY = YES;
				CLANG_WARN_ENUM_CONVERSION = YES;
				CLANG_WARN_INT_CONVERSION = YES;
				CLANG_WARN__DUPLICATE_METHOD_MATCH = YES;
				COPY_PHASE_STRIP = YES;
				GCC_C_LANGUAGE_STANDARD = gnu99;
				GCC_WARN_ABOUT_RETURN_TYPE = YES;
				GCC_WARN_UNINITIALIZED_AUTOS = YES;
				GCC_WARN_UNUSED_VARIABLE = YES;
				IPHONEOS_DEPLOYMENT_TARGET = 4.3;
				SDKROOT = iphoneos;
				VALIDATE_PRODUCT = YES;
			};
			name = Release;
		};
		9ECF51AB17549A0E00487F96 /* Debug */ = {
			isa = XCBuildConfiguration;
			buildSettings = {
				DSTROOT = /tmp/D9StudioSDK.dst;
				GCC_PRECOMPILE_PREFIX_HEADER = YES;
				GCC_PREFIX_HEADER = "D9StudioSDK/D9StudioSDK-Prefix.pch";
				HEADER_SEARCH_PATHS = "\"$(SRCROOT)/D9StudioSDK/Utilities/\"";
				IPHONEOS_DEPLOYMENT_TARGET = 4.3;
				LIBRARY_SEARCH_PATHS = (
					"$(inherited)",
					"\"$(SRCROOT)/D9StudioSDK\"",
				);
				OTHER_LDFLAGS = (
					"-ObjC",
					"-all_load",
				);
				PRODUCT_NAME = "$(TARGET_NAME)";
				SKIP_INSTALL = YES;
			};
			name = Debug;
		};
		9ECF51AC17549A0E00487F96 /* Release */ = {
			isa = XCBuildConfiguration;
			buildSettings = {
				DSTROOT = /tmp/D9StudioSDK.dst;
				GCC_PRECOMPILE_PREFIX_HEADER = YES;
				GCC_PREFIX_HEADER = "D9StudioSDK/D9StudioSDK-Prefix.pch";
				HEADER_SEARCH_PATHS = "\"$(SRCROOT)/D9StudioSDK/Utilities/\"";
				IPHONEOS_DEPLOYMENT_TARGET = 4.3;
				LIBRARY_SEARCH_PATHS = (
					"$(inherited)",
					"\"$(SRCROOT)/D9StudioSDK\"",
				);
				OTHER_LDFLAGS = (
					"-ObjC",
					"-all_load",
				);
				PRODUCT_NAME = "$(TARGET_NAME)";
				SKIP_INSTALL = YES;
			};
			name = Release;
		};
		9ECF51AF17549A3800487F96 /* Debug */ = {
			isa = XCBuildConfiguration;
			buildSettings = {
				CURRENT_PROJECT_VERSION = v1.1;
				IPHONEOS_DEPLOYMENT_TARGET = 4.3;
				OTHER_LDFLAGS = "-all_load";
				PRODUCT_NAME = "$(TARGET_NAME)";
			};
			name = Debug;
		};
		9ECF51B017549A3800487F96 /* Release */ = {
			isa = XCBuildConfiguration;
			buildSettings = {
				CURRENT_PROJECT_VERSION = v1.1;
				IPHONEOS_DEPLOYMENT_TARGET = 4.3;
				OTHER_LDFLAGS = "-all_load";
				PRODUCT_NAME = "$(TARGET_NAME)";
			};
			name = Release;
		};
/* End XCBuildConfiguration section */

/* Begin XCConfigurationList section */
		9ECF519717549A0D00487F96 /* Build configuration list for PBXProject "D9StudioSDK" */ = {
			isa = XCConfigurationList;
			buildConfigurations = (
				9ECF51A817549A0E00487F96 /* Debug */,
				9ECF51A917549A0E00487F96 /* Release */,
			);
			defaultConfigurationIsVisible = 0;
			defaultConfigurationName = Release;
		};
		9ECF51AA17549A0E00487F96 /* Build configuration list for PBXNativeTarget "D9StudioSDK" */ = {
			isa = XCConfigurationList;
			buildConfigurations = (
				9ECF51AB17549A0E00487F96 /* Debug */,
				9ECF51AC17549A0E00487F96 /* Release */,
			);
			defaultConfigurationIsVisible = 0;
			defaultConfigurationName = Release;
		};
		9ECF51AE17549A3800487F96 /* Build configuration list for PBXAggregateTarget "D9StudioSDK_iOS" */ = {
			isa = XCConfigurationList;
			buildConfigurations = (
				9ECF51AF17549A3800487F96 /* Debug */,
				9ECF51B017549A3800487F96 /* Release */,
			);
			defaultConfigurationIsVisible = 0;
			defaultConfigurationName = Release;
		};
/* End XCConfigurationList section */
	};
	rootObject = 9ECF519417549A0D00487F96 /* Project object */;
}
