// !$*UTF8*$!
{
	archiveVersion = 1;
	classes = {
	};
	objectVersion = 46;
	objects = {

/* Begin PBXAggregateTarget section */
		9ECF51AD17549A3800487F96 /* D9StudioSDK-iOS */ = {
			isa = PBXAggregateTarget;
			buildConfigurationList = 9ECF51AE17549A3800487F96 /* Build configuration list for PBXAggregateTarget "D9StudioSDK-iOS" */;
			buildPhases = (
				9ECF51B117549A4000487F96 /* Build Static Libs */,
				9ECF51B217549A6A00487F96 /* Build Universal Framework */,
				9ECF51B317549A8E00487F96 /* CopyFiles */,
				9ECF51B517549EE200487F96 /* CopyFiles */,
			);
			dependencies = (
			);
			name = "D9StudioSDK-iOS";
			productName = "D9StudioSDK-iOS";
		};
/* End PBXAggregateTarget section */

/* Begin PBXBuildFile section */
		052350D61762410900A12EDA /* D9PayWebView.m in Sources */ = {isa = PBXBuildFile; fileRef = 052350D51762410900A12EDA /* D9PayWebView.m */; };
		9E1D3A25175F1FDD00C9A58E /* Security.framework in Frameworks */ = {isa = PBXBuildFile; fileRef = 9E1D3A24175F1FDD00C9A58E /* Security.framework */; };
		9E1D3A30175F33A100C9A58E /* D9SDKUtil.m in Sources */ = {isa = PBXBuildFile; fileRef = 9E1D3A2F175F33A100C9A58E /* D9SDKUtil.m */; };
		9E1D3A35175F33C900C9A58E /* GTMBase64.m in Sources */ = {isa = PBXBuildFile; fileRef = 9E1D3A33175F33C900C9A58E /* GTMBase64.m */; };
		9E92386E175C929900924B12 /* D9Request.m in Sources */ = {isa = PBXBuildFile; fileRef = 9E92386B175C929900924B12 /* D9Request.m */; };
		9E92387E175C995100924B12 /* NSObject+SBJSON.m in Sources */ = {isa = PBXBuildFile; fileRef = 9E923873175C995100924B12 /* NSObject+SBJSON.m */; };
		9E92387F175C995100924B12 /* NSString+SBJSON.m in Sources */ = {isa = PBXBuildFile; fileRef = 9E923875175C995100924B12 /* NSString+SBJSON.m */; };
		9E923880175C995100924B12 /* SBJSON.m in Sources */ = {isa = PBXBuildFile; fileRef = 9E923877175C995100924B12 /* SBJSON.m */; };
		9E923881175C995100924B12 /* SBJsonBase.m in Sources */ = {isa = PBXBuildFile; fileRef = 9E923879175C995100924B12 /* SBJsonBase.m */; };
		9E923882175C995100924B12 /* SBJsonParser.m in Sources */ = {isa = PBXBuildFile; fileRef = 9E92387B175C995100924B12 /* SBJsonParser.m */; };
		9E923883175C995100924B12 /* SBJsonWriter.m in Sources */ = {isa = PBXBuildFile; fileRef = 9E92387D175C995100924B12 /* SBJsonWriter.m */; };
		9EBB6B6C176425D90065E861 /* D9Request.h in CopyFiles */ = {isa = PBXBuildFile; fileRef = 9E92386A175C929900924B12 /* D9Request.h */; };
		9EBB6B6D176425D90065E861 /* D9StudioSDK.h in CopyFiles */ = {isa = PBXBuildFile; fileRef = 9ECF51A417549A0E00487F96 /* D9StudioSDK.h */; };
		9EBB6B6E176425D90065E861 /* D9LoginDialog.h in CopyFiles */ = {isa = PBXBuildFile; fileRef = 9ECF51CC1754A88200487F96 /* D9LoginDialog.h */; };
		9EBB6BCE1764302A0065E861 /* DataSigner.m in Sources */ = {isa = PBXBuildFile; fileRef = 9EBB6B711764302A0065E861 /* DataSigner.m */; };
		9EBB6BCF1764302A0065E861 /* DataVerifier.m in Sources */ = {isa = PBXBuildFile; fileRef = 9EBB6B731764302A0065E861 /* DataVerifier.m */; };
		9EBB6BD7176435400065E861 /* libssl.a in Frameworks */ = {isa = PBXBuildFile; fileRef = 9EBB6BD6176435400065E861 /* libssl.a */; };
		9EBB6BEC17643EE10065E861 /* base64.m in Sources */ = {isa = PBXBuildFile; fileRef = 9EBB6BE017643EE00065E861 /* base64.m */; };
		9EBB6BED17643EE10065E861 /* MD5DataSigner.m in Sources */ = {isa = PBXBuildFile; fileRef = 9EBB6BE317643EE10065E861 /* MD5DataSigner.m */; };
		9EBB6BEE17643EE10065E861 /* NSDataEx.m in Sources */ = {isa = PBXBuildFile; fileRef = 9EBB6BE517643EE10065E861 /* NSDataEx.m */; };
		9EBB6BEF17643EE10065E861 /* openssl_wrapper.m in Sources */ = {isa = PBXBuildFile; fileRef = 9EBB6BE717643EE10065E861 /* openssl_wrapper.m */; };
		9EBB6BF017643EE10065E861 /* RSADataSigner.m in Sources */ = {isa = PBXBuildFile; fileRef = 9EBB6BE917643EE10065E861 /* RSADataSigner.m */; };
		9EBB6BF117643EE10065E861 /* RSADataVerifier.m in Sources */ = {isa = PBXBuildFile; fileRef = 9EBB6BEB17643EE10065E861 /* RSADataVerifier.m */; };
		9EBB6C451764575E0065E861 /* libcrypto.a in Frameworks */ = {isa = PBXBuildFile; fileRef = 9EBB6C441764575E0065E861 /* libcrypto.a */; };
		9ECF51A017549A0E00487F96 /* Foundation.framework in Frameworks */ = {isa = PBXBuildFile; fileRef = 9ECF519F17549A0E00487F96 /* Foundation.framework */; };
		9ECF51A717549A0E00487F96 /* D9StudioSDK.m in Sources */ = {isa = PBXBuildFile; fileRef = 9ECF51A617549A0E00487F96 /* D9StudioSDK.m */; };
		9ECF51CE1754A88200487F96 /* D9LoginDialog.m in Sources */ = {isa = PBXBuildFile; fileRef = 9ECF51CD1754A88200487F96 /* D9LoginDialog.m */; };
		9ECF51D01754A8E200487F96 /* UIKit.framework in Frameworks */ = {isa = PBXBuildFile; fileRef = 9ECF51CF1754A8E200487F96 /* UIKit.framework */; };
/* End PBXBuildFile section */

/* Begin PBXCopyFilesBuildPhase section */
		9ECF51B317549A8E00487F96 /* CopyFiles */ = {
			isa = PBXCopyFilesBuildPhase;
			buildActionMask = 2147483647;
			dstPath = "${BUILD_DIR}/${CONFIGURATION}-iphoneuniversal/${PRODUCT_NAME}.framework/Versions/A/Headers/";
			dstSubfolderSpec = 0;
			files = (
				9EBB6B6C176425D90065E861 /* D9Request.h in CopyFiles */,
				9EBB6B6D176425D90065E861 /* D9StudioSDK.h in CopyFiles */,
				9EBB6B6E176425D90065E861 /* D9LoginDialog.h in CopyFiles */,
			);
			runOnlyForDeploymentPostprocessing = 0;
		};
		9ECF51B517549EE200487F96 /* CopyFiles */ = {
			isa = PBXCopyFilesBuildPhase;
			buildActionMask = 2147483647;
			dstPath = "${BUILD_DIR}/${CONFIGURATION}-iphoneuniversal/${PRODUCT_NAME}.framework/Versions/A/Resources/";
			dstSubfolderSpec = 0;
			files = (
			);
			runOnlyForDeploymentPostprocessing = 0;
		};
/* End PBXCopyFilesBuildPhase section */

/* Begin PBXFileReference section */
		052350D41762410900A12EDA /* D9PayWebView.h */ = {isa = PBXFileReference; fileEncoding = 4; lastKnownFileType = sourcecode.c.h; path = D9PayWebView.h; sourceTree = "<group>"; };
		052350D51762410900A12EDA /* D9PayWebView.m */ = {isa = PBXFileReference; fileEncoding = 4; lastKnownFileType = sourcecode.c.objc; path = D9PayWebView.m; sourceTree = "<group>"; };
		9E1D3A24175F1FDD00C9A58E /* Security.framework */ = {isa = PBXFileReference; lastKnownFileType = wrapper.framework; name = Security.framework; path = System/Library/Frameworks/Security.framework; sourceTree = SDKROOT; };
		9E1D3A2E175F33A100C9A58E /* D9SDKUtil.h */ = {isa = PBXFileReference; fileEncoding = 4; lastKnownFileType = sourcecode.c.h; path = D9SDKUtil.h; sourceTree = "<group>"; };
		9E1D3A2F175F33A100C9A58E /* D9SDKUtil.m */ = {isa = PBXFileReference; fileEncoding = 4; lastKnownFileType = sourcecode.c.objc; path = D9SDKUtil.m; sourceTree = "<group>"; };
		9E1D3A32175F33C900C9A58E /* GTMBase64.h */ = {isa = PBXFileReference; fileEncoding = 4; lastKnownFileType = sourcecode.c.h; path = GTMBase64.h; sourceTree = "<group>"; };
		9E1D3A33175F33C900C9A58E /* GTMBase64.m */ = {isa = PBXFileReference; fileEncoding = 4; lastKnownFileType = sourcecode.c.objc; path = GTMBase64.m; sourceTree = "<group>"; };
		9E1D3A34175F33C900C9A58E /* GTMDefines.h */ = {isa = PBXFileReference; fileEncoding = 4; lastKnownFileType = sourcecode.c.h; path = GTMDefines.h; sourceTree = "<group>"; };
		9E3BF49E1758ACC4006AE29D /* D9SDKGlobal.h */ = {isa = PBXFileReference; lastKnownFileType = sourcecode.c.h; path = D9SDKGlobal.h; sourceTree = "<group>"; };
		9E5F9D351769CE6E00CEB444 /* D9Dialog.bundle */ = {isa = PBXFileReference; lastKnownFileType = "wrapper.plug-in"; path = D9Dialog.bundle; sourceTree = "<group>"; };
		9E92386A175C929900924B12 /* D9Request.h */ = {isa = PBXFileReference; fileEncoding = 4; lastKnownFileType = sourcecode.c.h; path = D9Request.h; sourceTree = "<group>"; };
		9E92386B175C929900924B12 /* D9Request.m */ = {isa = PBXFileReference; fileEncoding = 4; lastKnownFileType = sourcecode.c.objc; path = D9Request.m; sourceTree = "<group>"; };
		9E923871175C995100924B12 /* JSON.h */ = {isa = PBXFileReference; fileEncoding = 4; lastKnownFileType = sourcecode.c.h; path = JSON.h; sourceTree = "<group>"; };
		9E923872175C995100924B12 /* NSObject+SBJSON.h */ = {isa = PBXFileReference; fileEncoding = 4; lastKnownFileType = sourcecode.c.h; path = "NSObject+SBJSON.h"; sourceTree = "<group>"; };
		9E923873175C995100924B12 /* NSObject+SBJSON.m */ = {isa = PBXFileReference; fileEncoding = 4; lastKnownFileType = sourcecode.c.objc; path = "NSObject+SBJSON.m"; sourceTree = "<group>"; };
		9E923874175C995100924B12 /* NSString+SBJSON.h */ = {isa = PBXFileReference; fileEncoding = 4; lastKnownFileType = sourcecode.c.h; path = "NSString+SBJSON.h"; sourceTree = "<group>"; };
		9E923875175C995100924B12 /* NSString+SBJSON.m */ = {isa = PBXFileReference; fileEncoding = 4; lastKnownFileType = sourcecode.c.objc; path = "NSString+SBJSON.m"; sourceTree = "<group>"; };
		9E923876175C995100924B12 /* SBJSON.h */ = {isa = PBXFileReference; fileEncoding = 4; lastKnownFileType = sourcecode.c.h; path = SBJSON.h; sourceTree = "<group>"; };
		9E923877175C995100924B12 /* SBJSON.m */ = {isa = PBXFileReference; fileEncoding = 4; lastKnownFileType = sourcecode.c.objc; path = SBJSON.m; sourceTree = "<group>"; };
		9E923878175C995100924B12 /* SBJsonBase.h */ = {isa = PBXFileReference; fileEncoding = 4; lastKnownFileType = sourcecode.c.h; path = SBJsonBase.h; sourceTree = "<group>"; };
		9E923879175C995100924B12 /* SBJsonBase.m */ = {isa = PBXFileReference; fileEncoding = 4; lastKnownFileType = sourcecode.c.objc; path = SBJsonBase.m; sourceTree = "<group>"; };
		9E92387A175C995100924B12 /* SBJsonParser.h */ = {isa = PBXFileReference; fileEncoding = 4; lastKnownFileType = sourcecode.c.h; path = SBJsonParser.h; sourceTree = "<group>"; };
		9E92387B175C995100924B12 /* SBJsonParser.m */ = {isa = PBXFileReference; fileEncoding = 4; lastKnownFileType = sourcecode.c.objc; path = SBJsonParser.m; sourceTree = "<group>"; };
		9E92387C175C995100924B12 /* SBJsonWriter.h */ = {isa = PBXFileReference; fileEncoding = 4; lastKnownFileType = sourcecode.c.h; path = SBJsonWriter.h; sourceTree = "<group>"; };
		9E92387D175C995100924B12 /* SBJsonWriter.m */ = {isa = PBXFileReference; fileEncoding = 4; lastKnownFileType = sourcecode.c.objc; path = SBJsonWriter.m; sourceTree = "<group>"; };
		9EBB6B701764302A0065E861 /* DataSigner.h */ = {isa = PBXFileReference; fileEncoding = 4; lastKnownFileType = sourcecode.c.h; path = DataSigner.h; sourceTree = "<group>"; };
		9EBB6B711764302A0065E861 /* DataSigner.m */ = {isa = PBXFileReference; fileEncoding = 4; lastKnownFileType = sourcecode.c.objc; path = DataSigner.m; sourceTree = "<group>"; };
		9EBB6B721764302A0065E861 /* DataVerifier.h */ = {isa = PBXFileReference; fileEncoding = 4; lastKnownFileType = sourcecode.c.h; path = DataVerifier.h; sourceTree = "<group>"; };
		9EBB6B731764302A0065E861 /* DataVerifier.m */ = {isa = PBXFileReference; fileEncoding = 4; lastKnownFileType = sourcecode.c.objc; path = DataVerifier.m; sourceTree = "<group>"; };
		9EBB6BD6176435400065E861 /* libssl.a */ = {isa = PBXFileReference; lastKnownFileType = archive.ar; name = libssl.a; path = D9StudioSDK/libssl.a; sourceTree = "<group>"; };
		9EBB6BDF17643EE00065E861 /* base64.h */ = {isa = PBXFileReference; fileEncoding = 4; lastKnownFileType = sourcecode.c.h; path = base64.h; sourceTree = "<group>"; };
		9EBB6BE017643EE00065E861 /* base64.m */ = {isa = PBXFileReference; fileEncoding = 4; lastKnownFileType = sourcecode.c.objc; path = base64.m; sourceTree = "<group>"; };
		9EBB6BE117643EE00065E861 /* config.h */ = {isa = PBXFileReference; fileEncoding = 4; lastKnownFileType = sourcecode.c.h; path = config.h; sourceTree = "<group>"; };
		9EBB6BE217643EE00065E861 /* MD5DataSigner.h */ = {isa = PBXFileReference; fileEncoding = 4; lastKnownFileType = sourcecode.c.h; path = MD5DataSigner.h; sourceTree = "<group>"; };
		9EBB6BE317643EE10065E861 /* MD5DataSigner.m */ = {isa = PBXFileReference; fileEncoding = 4; lastKnownFileType = sourcecode.c.objc; path = MD5DataSigner.m; sourceTree = "<group>"; };
		9EBB6BE417643EE10065E861 /* NSDataEx.h */ = {isa = PBXFileReference; fileEncoding = 4; lastKnownFileType = sourcecode.c.h; path = NSDataEx.h; sourceTree = "<group>"; };
		9EBB6BE517643EE10065E861 /* NSDataEx.m */ = {isa = PBXFileReference; fileEncoding = 4; lastKnownFileType = sourcecode.c.objc; path = NSDataEx.m; sourceTree = "<group>"; };
		9EBB6BE617643EE10065E861 /* openssl_wrapper.h */ = {isa = PBXFileReference; fileEncoding = 4; lastKnownFileType = sourcecode.c.h; path = openssl_wrapper.h; sourceTree = "<group>"; };
		9EBB6BE717643EE10065E861 /* openssl_wrapper.m */ = {isa = PBXFileReference; fileEncoding = 4; lastKnownFileType = sourcecode.c.objc; path = openssl_wrapper.m; sourceTree = "<group>"; };
		9EBB6BE817643EE10065E861 /* RSADataSigner.h */ = {isa = PBXFileReference; fileEncoding = 4; lastKnownFileType = sourcecode.c.h; path = RSADataSigner.h; sourceTree = "<group>"; };
		9EBB6BE917643EE10065E861 /* RSADataSigner.m */ = {isa = PBXFileReference; fileEncoding = 4; lastKnownFileType = sourcecode.c.objc; path = RSADataSigner.m; sourceTree = "<group>"; };
		9EBB6BEA17643EE10065E861 /* RSADataVerifier.h */ = {isa = PBXFileReference; fileEncoding = 4; lastKnownFileType = sourcecode.c.h; path = RSADataVerifier.h; sourceTree = "<group>"; };
		9EBB6BEB17643EE10065E861 /* RSADataVerifier.m */ = {isa = PBXFileReference; fileEncoding = 4; lastKnownFileType = sourcecode.c.objc; path = RSADataVerifier.m; sourceTree = "<group>"; };
		9EBB6BF317643F340065E861 /* aes.h */ = {isa = PBXFileReference; fileEncoding = 4; lastKnownFileType = sourcecode.c.h; path = aes.h; sourceTree = "<group>"; };
		9EBB6BF417643F340065E861 /* asn1.h */ = {isa = PBXFileReference; fileEncoding = 4; lastKnownFileType = sourcecode.c.h; path = asn1.h; sourceTree = "<group>"; };
		9EBB6BF517643F340065E861 /* asn1_mac.h */ = {isa = PBXFileReference; fileEncoding = 4; lastKnownFileType = sourcecode.c.h; path = asn1_mac.h; sourceTree = "<group>"; };
		9EBB6BF617643F340065E861 /* asn1t.h */ = {isa = PBXFileReference; fileEncoding = 4; lastKnownFileType = sourcecode.c.h; path = asn1t.h; sourceTree = "<group>"; };
		9EBB6BF717643F340065E861 /* bio.h */ = {isa = PBXFileReference; fileEncoding = 4; lastKnownFileType = sourcecode.c.h; path = bio.h; sourceTree = "<group>"; };
		9EBB6BF817643F340065E861 /* blowfish.h */ = {isa = PBXFileReference; fileEncoding = 4; lastKnownFileType = sourcecode.c.h; path = blowfish.h; sourceTree = "<group>"; };
		9EBB6BF917643F340065E861 /* bn.h */ = {isa = PBXFileReference; fileEncoding = 4; lastKnownFileType = sourcecode.c.h; path = bn.h; sourceTree = "<group>"; };
		9EBB6BFA17643F340065E861 /* buffer.h */ = {isa = PBXFileReference; fileEncoding = 4; lastKnownFileType = sourcecode.c.h; path = buffer.h; sourceTree = "<group>"; };
		9EBB6BFB17643F340065E861 /* camellia.h */ = {isa = PBXFileReference; fileEncoding = 4; lastKnownFileType = sourcecode.c.h; path = camellia.h; sourceTree = "<group>"; };
		9EBB6BFC17643F340065E861 /* cast.h */ = {isa = PBXFileReference; fileEncoding = 4; lastKnownFileType = sourcecode.c.h; path = cast.h; sourceTree = "<group>"; };
		9EBB6BFD17643F340065E861 /* cmac.h */ = {isa = PBXFileReference; fileEncoding = 4; lastKnownFileType = sourcecode.c.h; path = cmac.h; sourceTree = "<group>"; };
		9EBB6BFE17643F340065E861 /* cms.h */ = {isa = PBXFileReference; fileEncoding = 4; lastKnownFileType = sourcecode.c.h; path = cms.h; sourceTree = "<group>"; };
		9EBB6BFF17643F340065E861 /* comp.h */ = {isa = PBXFileReference; fileEncoding = 4; lastKnownFileType = sourcecode.c.h; path = comp.h; sourceTree = "<group>"; };
		9EBB6C0017643F340065E861 /* conf.h */ = {isa = PBXFileReference; fileEncoding = 4; lastKnownFileType = sourcecode.c.h; path = conf.h; sourceTree = "<group>"; };
		9EBB6C0117643F340065E861 /* conf_api.h */ = {isa = PBXFileReference; fileEncoding = 4; lastKnownFileType = sourcecode.c.h; path = conf_api.h; sourceTree = "<group>"; };
		9EBB6C0217643F340065E861 /* crypto.h */ = {isa = PBXFileReference; fileEncoding = 4; lastKnownFileType = sourcecode.c.h; path = crypto.h; sourceTree = "<group>"; };
		9EBB6C0317643F340065E861 /* des.h */ = {isa = PBXFileReference; fileEncoding = 4; lastKnownFileType = sourcecode.c.h; path = des.h; sourceTree = "<group>"; };
		9EBB6C0417643F340065E861 /* des_old.h */ = {isa = PBXFileReference; fileEncoding = 4; lastKnownFileType = sourcecode.c.h; path = des_old.h; sourceTree = "<group>"; };
		9EBB6C0517643F340065E861 /* dh.h */ = {isa = PBXFileReference; fileEncoding = 4; lastKnownFileType = sourcecode.c.h; path = dh.h; sourceTree = "<group>"; };
		9EBB6C0617643F340065E861 /* dsa.h */ = {isa = PBXFileReference; fileEncoding = 4; lastKnownFileType = sourcecode.c.h; path = dsa.h; sourceTree = "<group>"; };
		9EBB6C0717643F340065E861 /* dso.h */ = {isa = PBXFileReference; fileEncoding = 4; lastKnownFileType = sourcecode.c.h; path = dso.h; sourceTree = "<group>"; };
		9EBB6C0817643F340065E861 /* dtls1.h */ = {isa = PBXFileReference; fileEncoding = 4; lastKnownFileType = sourcecode.c.h; path = dtls1.h; sourceTree = "<group>"; };
		9EBB6C0917643F340065E861 /* e_os2.h */ = {isa = PBXFileReference; fileEncoding = 4; lastKnownFileType = sourcecode.c.h; path = e_os2.h; sourceTree = "<group>"; };
		9EBB6C0A17643F340065E861 /* ebcdic.h */ = {isa = PBXFileReference; fileEncoding = 4; lastKnownFileType = sourcecode.c.h; path = ebcdic.h; sourceTree = "<group>"; };
		9EBB6C0B17643F340065E861 /* ec.h */ = {isa = PBXFileReference; fileEncoding = 4; lastKnownFileType = sourcecode.c.h; path = ec.h; sourceTree = "<group>"; };
		9EBB6C0C17643F340065E861 /* ecdh.h */ = {isa = PBXFileReference; fileEncoding = 4; lastKnownFileType = sourcecode.c.h; path = ecdh.h; sourceTree = "<group>"; };
		9EBB6C0D17643F340065E861 /* ecdsa.h */ = {isa = PBXFileReference; fileEncoding = 4; lastKnownFileType = sourcecode.c.h; path = ecdsa.h; sourceTree = "<group>"; };
		9EBB6C0E17643F340065E861 /* engine.h */ = {isa = PBXFileReference; fileEncoding = 4; lastKnownFileType = sourcecode.c.h; path = engine.h; sourceTree = "<group>"; };
		9EBB6C0F17643F340065E861 /* err.h */ = {isa = PBXFileReference; fileEncoding = 4; lastKnownFileType = sourcecode.c.h; path = err.h; sourceTree = "<group>"; };
		9EBB6C1017643F340065E861 /* evp.h */ = {isa = PBXFileReference; fileEncoding = 4; lastKnownFileType = sourcecode.c.h; path = evp.h; sourceTree = "<group>"; };
		9EBB6C1117643F340065E861 /* hmac.h */ = {isa = PBXFileReference; fileEncoding = 4; lastKnownFileType = sourcecode.c.h; path = hmac.h; sourceTree = "<group>"; };
		9EBB6C1217643F340065E861 /* idea.h */ = {isa = PBXFileReference; fileEncoding = 4; lastKnownFileType = sourcecode.c.h; path = idea.h; sourceTree = "<group>"; };
		9EBB6C1317643F340065E861 /* krb5_asn.h */ = {isa = PBXFileReference; fileEncoding = 4; lastKnownFileType = sourcecode.c.h; path = krb5_asn.h; sourceTree = "<group>"; };
		9EBB6C1417643F340065E861 /* kssl.h */ = {isa = PBXFileReference; fileEncoding = 4; lastKnownFileType = sourcecode.c.h; path = kssl.h; sourceTree = "<group>"; };
		9EBB6C1517643F340065E861 /* lhash.h */ = {isa = PBXFileReference; fileEncoding = 4; lastKnownFileType = sourcecode.c.h; path = lhash.h; sourceTree = "<group>"; };
		9EBB6C1617643F340065E861 /* md4.h */ = {isa = PBXFileReference; fileEncoding = 4; lastKnownFileType = sourcecode.c.h; path = md4.h; sourceTree = "<group>"; };
		9EBB6C1717643F340065E861 /* md5.h */ = {isa = PBXFileReference; fileEncoding = 4; lastKnownFileType = sourcecode.c.h; path = md5.h; sourceTree = "<group>"; };
		9EBB6C1817643F340065E861 /* mdc2.h */ = {isa = PBXFileReference; fileEncoding = 4; lastKnownFileType = sourcecode.c.h; path = mdc2.h; sourceTree = "<group>"; };
		9EBB6C1917643F340065E861 /* modes.h */ = {isa = PBXFileReference; fileEncoding = 4; lastKnownFileType = sourcecode.c.h; path = modes.h; sourceTree = "<group>"; };
		9EBB6C1A17643F340065E861 /* obj_mac.h */ = {isa = PBXFileReference; fileEncoding = 4; lastKnownFileType = sourcecode.c.h; path = obj_mac.h; sourceTree = "<group>"; };
		9EBB6C1B17643F340065E861 /* objects.h */ = {isa = PBXFileReference; fileEncoding = 4; lastKnownFileType = sourcecode.c.h; path = objects.h; sourceTree = "<group>"; };
		9EBB6C1C17643F340065E861 /* ocsp.h */ = {isa = PBXFileReference; fileEncoding = 4; lastKnownFileType = sourcecode.c.h; path = ocsp.h; sourceTree = "<group>"; };
		9EBB6C1D17643F340065E861 /* opensslconf.h */ = {isa = PBXFileReference; fileEncoding = 4; lastKnownFileType = sourcecode.c.h; path = opensslconf.h; sourceTree = "<group>"; };
		9EBB6C1E17643F340065E861 /* opensslv.h */ = {isa = PBXFileReference; fileEncoding = 4; lastKnownFileType = sourcecode.c.h; path = opensslv.h; sourceTree = "<group>"; };
		9EBB6C1F17643F340065E861 /* ossl_typ.h */ = {isa = PBXFileReference; fileEncoding = 4; lastKnownFileType = sourcecode.c.h; path = ossl_typ.h; sourceTree = "<group>"; };
		9EBB6C2017643F340065E861 /* pem.h */ = {isa = PBXFileReference; fileEncoding = 4; lastKnownFileType = sourcecode.c.h; path = pem.h; sourceTree = "<group>"; };
		9EBB6C2117643F340065E861 /* pem2.h */ = {isa = PBXFileReference; fileEncoding = 4; lastKnownFileType = sourcecode.c.h; path = pem2.h; sourceTree = "<group>"; };
		9EBB6C2217643F340065E861 /* pkcs12.h */ = {isa = PBXFileReference; fileEncoding = 4; lastKnownFileType = sourcecode.c.h; path = pkcs12.h; sourceTree = "<group>"; };
		9EBB6C2317643F340065E861 /* pkcs7.h */ = {isa = PBXFileReference; fileEncoding = 4; lastKnownFileType = sourcecode.c.h; path = pkcs7.h; sourceTree = "<group>"; };
		9EBB6C2417643F340065E861 /* pqueue.h */ = {isa = PBXFileReference; fileEncoding = 4; lastKnownFileType = sourcecode.c.h; path = pqueue.h; sourceTree = "<group>"; };
		9EBB6C2517643F340065E861 /* rand.h */ = {isa = PBXFileReference; fileEncoding = 4; lastKnownFileType = sourcecode.c.h; path = rand.h; sourceTree = "<group>"; };
		9EBB6C2617643F340065E861 /* rc2.h */ = {isa = PBXFileReference; fileEncoding = 4; lastKnownFileType = sourcecode.c.h; path = rc2.h; sourceTree = "<group>"; };
		9EBB6C2717643F340065E861 /* rc4.h */ = {isa = PBXFileReference; fileEncoding = 4; lastKnownFileType = sourcecode.c.h; path = rc4.h; sourceTree = "<group>"; };
		9EBB6C2817643F340065E861 /* ripemd.h */ = {isa = PBXFileReference; fileEncoding = 4; lastKnownFileType = sourcecode.c.h; path = ripemd.h; sourceTree = "<group>"; };
		9EBB6C2917643F340065E861 /* rsa.h */ = {isa = PBXFileReference; fileEncoding = 4; lastKnownFileType = sourcecode.c.h; path = rsa.h; sourceTree = "<group>"; };
		9EBB6C2A17643F340065E861 /* safestack.h */ = {isa = PBXFileReference; fileEncoding = 4; lastKnownFileType = sourcecode.c.h; path = safestack.h; sourceTree = "<group>"; };
		9EBB6C2B17643F340065E861 /* seed.h */ = {isa = PBXFileReference; fileEncoding = 4; lastKnownFileType = sourcecode.c.h; path = seed.h; sourceTree = "<group>"; };
		9EBB6C2C17643F340065E861 /* sha.h */ = {isa = PBXFileReference; fileEncoding = 4; lastKnownFileType = sourcecode.c.h; path = sha.h; sourceTree = "<group>"; };
		9EBB6C2D17643F340065E861 /* srp.h */ = {isa = PBXFileReference; fileEncoding = 4; lastKnownFileType = sourcecode.c.h; path = srp.h; sourceTree = "<group>"; };
		9EBB6C2E17643F340065E861 /* srtp.h */ = {isa = PBXFileReference; fileEncoding = 4; lastKnownFileType = sourcecode.c.h; path = srtp.h; sourceTree = "<group>"; };
		9EBB6C2F17643F340065E861 /* ssl.h */ = {isa = PBXFileReference; fileEncoding = 4; lastKnownFileType = sourcecode.c.h; path = ssl.h; sourceTree = "<group>"; };
		9EBB6C3017643F340065E861 /* ssl2.h */ = {isa = PBXFileReference; fileEncoding = 4; lastKnownFileType = sourcecode.c.h; path = ssl2.h; sourceTree = "<group>"; };
		9EBB6C3117643F340065E861 /* ssl23.h */ = {isa = PBXFileReference; fileEncoding = 4; lastKnownFileType = sourcecode.c.h; path = ssl23.h; sourceTree = "<group>"; };
		9EBB6C3217643F340065E861 /* ssl3.h */ = {isa = PBXFileReference; fileEncoding = 4; lastKnownFileType = sourcecode.c.h; path = ssl3.h; sourceTree = "<group>"; };
		9EBB6C3317643F340065E861 /* stack.h */ = {isa = PBXFileReference; fileEncoding = 4; lastKnownFileType = sourcecode.c.h; path = stack.h; sourceTree = "<group>"; };
		9EBB6C3417643F340065E861 /* symhacks.h */ = {isa = PBXFileReference; fileEncoding = 4; lastKnownFileType = sourcecode.c.h; path = symhacks.h; sourceTree = "<group>"; };
		9EBB6C3517643F340065E861 /* tls1.h */ = {isa = PBXFileReference; fileEncoding = 4; lastKnownFileType = sourcecode.c.h; path = tls1.h; sourceTree = "<group>"; };
		9EBB6C3617643F340065E861 /* ts.h */ = {isa = PBXFileReference; fileEncoding = 4; lastKnownFileType = sourcecode.c.h; path = ts.h; sourceTree = "<group>"; };
		9EBB6C3717643F340065E861 /* txt_db.h */ = {isa = PBXFileReference; fileEncoding = 4; lastKnownFileType = sourcecode.c.h; path = txt_db.h; sourceTree = "<group>"; };
		9EBB6C3817643F340065E861 /* ui.h */ = {isa = PBXFileReference; fileEncoding = 4; lastKnownFileType = sourcecode.c.h; path = ui.h; sourceTree = "<group>"; };
		9EBB6C3917643F340065E861 /* ui_compat.h */ = {isa = PBXFileReference; fileEncoding = 4; lastKnownFileType = sourcecode.c.h; path = ui_compat.h; sourceTree = "<group>"; };
		9EBB6C3A17643F340065E861 /* whrlpool.h */ = {isa = PBXFileReference; fileEncoding = 4; lastKnownFileType = sourcecode.c.h; path = whrlpool.h; sourceTree = "<group>"; };
		9EBB6C3B17643F340065E861 /* x509.h */ = {isa = PBXFileReference; fileEncoding = 4; lastKnownFileType = sourcecode.c.h; path = x509.h; sourceTree = "<group>"; };
		9EBB6C3C17643F340065E861 /* x509_vfy.h */ = {isa = PBXFileReference; fileEncoding = 4; lastKnownFileType = sourcecode.c.h; path = x509_vfy.h; sourceTree = "<group>"; };
		9EBB6C3D17643F340065E861 /* x509v3.h */ = {isa = PBXFileReference; fileEncoding = 4; lastKnownFileType = sourcecode.c.h; path = x509v3.h; sourceTree = "<group>"; };
		9EBB6C441764575E0065E861 /* libcrypto.a */ = {isa = PBXFileReference; lastKnownFileType = archive.ar; name = libcrypto.a; path = D9StudioSDK/libcrypto.a; sourceTree = "<group>"; };
		9ECF519C17549A0E00487F96 /* libD9StudioSDK.a */ = {isa = PBXFileReference; explicitFileType = archive.ar; includeInIndex = 0; path = libD9StudioSDK.a; sourceTree = BUILT_PRODUCTS_DIR; };
		9ECF519F17549A0E00487F96 /* Foundation.framework */ = {isa = PBXFileReference; lastKnownFileType = wrapper.framework; name = Foundation.framework; path = System/Library/Frameworks/Foundation.framework; sourceTree = SDKROOT; };
		9ECF51A317549A0E00487F96 /* D9StudioSDK-Prefix.pch */ = {isa = PBXFileReference; lastKnownFileType = sourcecode.c.h; path = "D9StudioSDK-Prefix.pch"; sourceTree = "<group>"; };
		9ECF51A417549A0E00487F96 /* D9StudioSDK.h */ = {isa = PBXFileReference; lastKnownFileType = sourcecode.c.h; path = D9StudioSDK.h; sourceTree = "<group>"; };
		9ECF51A617549A0E00487F96 /* D9StudioSDK.m */ = {isa = PBXFileReference; lastKnownFileType = sourcecode.c.objc; path = D9StudioSDK.m; sourceTree = "<group>"; };
		9ECF51CC1754A88200487F96 /* D9LoginDialog.h */ = {isa = PBXFileReference; fileEncoding = 4; lastKnownFileType = sourcecode.c.h; path = D9LoginDialog.h; sourceTree = "<group>"; };
		9ECF51CD1754A88200487F96 /* D9LoginDialog.m */ = {isa = PBXFileReference; fileEncoding = 4; lastKnownFileType = sourcecode.c.objc; path = D9LoginDialog.m; sourceTree = "<group>"; };
		9ECF51CF1754A8E200487F96 /* UIKit.framework */ = {isa = PBXFileReference; lastKnownFileType = wrapper.framework; name = UIKit.framework; path = System/Library/Frameworks/UIKit.framework; sourceTree = SDKROOT; };
/* End PBXFileReference section */

/* Begin PBXFrameworksBuildPhase section */
		9ECF519917549A0E00487F96 /* Frameworks */ = {
			isa = PBXFrameworksBuildPhase;
			buildActionMask = 2147483647;
			files = (
				9E1D3A25175F1FDD00C9A58E /* Security.framework in Frameworks */,
				9ECF51D01754A8E200487F96 /* UIKit.framework in Frameworks */,
				9ECF51A017549A0E00487F96 /* Foundation.framework in Frameworks */,
				9EBB6BD7176435400065E861 /* libssl.a in Frameworks */,
				9EBB6C451764575E0065E861 /* libcrypto.a in Frameworks */,
			);
			runOnlyForDeploymentPostprocessing = 0;
		};
/* End PBXFrameworksBuildPhase section */

/* Begin PBXGroup section */
		9E1D3A31175F33C900C9A58E /* CTMBase64 */ = {
			isa = PBXGroup;
			children = (
				9E1D3A32175F33C900C9A58E /* GTMBase64.h */,
				9E1D3A33175F33C900C9A58E /* GTMBase64.m */,
				9E1D3A34175F33C900C9A58E /* GTMDefines.h */,
			);
			path = CTMBase64;
			sourceTree = "<group>";
		};
		9E923870175C995100924B12 /* SBJSON */ = {
			isa = PBXGroup;
			children = (
				9E923871175C995100924B12 /* JSON.h */,
				9E923872175C995100924B12 /* NSObject+SBJSON.h */,
				9E923873175C995100924B12 /* NSObject+SBJSON.m */,
				9E923874175C995100924B12 /* NSString+SBJSON.h */,
				9E923875175C995100924B12 /* NSString+SBJSON.m */,
				9E923876175C995100924B12 /* SBJSON.h */,
				9E923877175C995100924B12 /* SBJSON.m */,
				9E923878175C995100924B12 /* SBJsonBase.h */,
				9E923879175C995100924B12 /* SBJsonBase.m */,
				9E92387A175C995100924B12 /* SBJsonParser.h */,
				9E92387B175C995100924B12 /* SBJsonParser.m */,
				9E92387C175C995100924B12 /* SBJsonWriter.h */,
				9E92387D175C995100924B12 /* SBJsonWriter.m */,
			);
			path = SBJSON;
			sourceTree = "<group>";
		};
		9EBB6B6F1764302A0065E861 /* Utilities */ = {
			isa = PBXGroup;
			children = (
				9EBB6BF217643F340065E861 /* openssl */,
				9EBB6BDE17643EE00065E861 /* src */,
				9EBB6B701764302A0065E861 /* DataSigner.h */,
				9EBB6B711764302A0065E861 /* DataSigner.m */,
				9EBB6B721764302A0065E861 /* DataVerifier.h */,
				9EBB6B731764302A0065E861 /* DataVerifier.m */,
			);
			path = Utilities;
			sourceTree = "<group>";
		};
		9EBB6BDE17643EE00065E861 /* src */ = {
			isa = PBXGroup;
			children = (
				9EBB6BDF17643EE00065E861 /* base64.h */,
				9EBB6BE017643EE00065E861 /* base64.m */,
				9EBB6BE117643EE00065E861 /* config.h */,
				9EBB6BE217643EE00065E861 /* MD5DataSigner.h */,
				9EBB6BE317643EE10065E861 /* MD5DataSigner.m */,
				9EBB6BE417643EE10065E861 /* NSDataEx.h */,
				9EBB6BE517643EE10065E861 /* NSDataEx.m */,
				9EBB6BE617643EE10065E861 /* openssl_wrapper.h */,
				9EBB6BE717643EE10065E861 /* openssl_wrapper.m */,
				9EBB6BE817643EE10065E861 /* RSADataSigner.h */,
				9EBB6BE917643EE10065E861 /* RSADataSigner.m */,
				9EBB6BEA17643EE10065E861 /* RSADataVerifier.h */,
				9EBB6BEB17643EE10065E861 /* RSADataVerifier.m */,
			);
			path = src;
			sourceTree = "<group>";
		};
		9EBB6BF217643F340065E861 /* openssl */ = {
			isa = PBXGroup;
			children = (
				9EBB6BF317643F340065E861 /* aes.h */,
				9EBB6BF417643F340065E861 /* asn1.h */,
				9EBB6BF517643F340065E861 /* asn1_mac.h */,
				9EBB6BF617643F340065E861 /* asn1t.h */,
				9EBB6BF717643F340065E861 /* bio.h */,
				9EBB6BF817643F340065E861 /* blowfish.h */,
				9EBB6BF917643F340065E861 /* bn.h */,
				9EBB6BFA17643F340065E861 /* buffer.h */,
				9EBB6BFB17643F340065E861 /* camellia.h */,
				9EBB6BFC17643F340065E861 /* cast.h */,
				9EBB6BFD17643F340065E861 /* cmac.h */,
				9EBB6BFE17643F340065E861 /* cms.h */,
				9EBB6BFF17643F340065E861 /* comp.h */,
				9EBB6C0017643F340065E861 /* conf.h */,
				9EBB6C0117643F340065E861 /* conf_api.h */,
				9EBB6C0217643F340065E861 /* crypto.h */,
				9EBB6C0317643F340065E861 /* des.h */,
				9EBB6C0417643F340065E861 /* des_old.h */,
				9EBB6C0517643F340065E861 /* dh.h */,
				9EBB6C0617643F340065E861 /* dsa.h */,
				9EBB6C0717643F340065E861 /* dso.h */,
				9EBB6C0817643F340065E861 /* dtls1.h */,
				9EBB6C0917643F340065E861 /* e_os2.h */,
				9EBB6C0A17643F340065E861 /* ebcdic.h */,
				9EBB6C0B17643F340065E861 /* ec.h */,
				9EBB6C0C17643F340065E861 /* ecdh.h */,
				9EBB6C0D17643F340065E861 /* ecdsa.h */,
				9EBB6C0E17643F340065E861 /* engine.h */,
				9EBB6C0F17643F340065E861 /* err.h */,
				9EBB6C1017643F340065E861 /* evp.h */,
				9EBB6C1117643F340065E861 /* hmac.h */,
				9EBB6C1217643F340065E861 /* idea.h */,
				9EBB6C1317643F340065E861 /* krb5_asn.h */,
				9EBB6C1417643F340065E861 /* kssl.h */,
				9EBB6C1517643F340065E861 /* lhash.h */,
				9EBB6C1617643F340065E861 /* md4.h */,
				9EBB6C1717643F340065E861 /* md5.h */,
				9EBB6C1817643F340065E861 /* mdc2.h */,
				9EBB6C1917643F340065E861 /* modes.h */,
				9EBB6C1A17643F340065E861 /* obj_mac.h */,
				9EBB6C1B17643F340065E861 /* objects.h */,
				9EBB6C1C17643F340065E861 /* ocsp.h */,
				9EBB6C1D17643F340065E861 /* opensslconf.h */,
				9EBB6C1E17643F340065E861 /* opensslv.h */,
				9EBB6C1F17643F340065E861 /* ossl_typ.h */,
				9EBB6C2017643F340065E861 /* pem.h */,
				9EBB6C2117643F340065E861 /* pem2.h */,
				9EBB6C2217643F340065E861 /* pkcs12.h */,
				9EBB6C2317643F340065E861 /* pkcs7.h */,
				9EBB6C2417643F340065E861 /* pqueue.h */,
				9EBB6C2517643F340065E861 /* rand.h */,
				9EBB6C2617643F340065E861 /* rc2.h */,
				9EBB6C2717643F340065E861 /* rc4.h */,
				9EBB6C2817643F340065E861 /* ripemd.h */,
				9EBB6C2917643F340065E861 /* rsa.h */,
				9EBB6C2A17643F340065E861 /* safestack.h */,
				9EBB6C2B17643F340065E861 /* seed.h */,
				9EBB6C2C17643F340065E861 /* sha.h */,
				9EBB6C2D17643F340065E861 /* srp.h */,
				9EBB6C2E17643F340065E861 /* srtp.h */,
				9EBB6C2F17643F340065E861 /* ssl.h */,
				9EBB6C3017643F340065E861 /* ssl2.h */,
				9EBB6C3117643F340065E861 /* ssl23.h */,
				9EBB6C3217643F340065E861 /* ssl3.h */,
				9EBB6C3317643F340065E861 /* stack.h */,
				9EBB6C3417643F340065E861 /* symhacks.h */,
				9EBB6C3517643F340065E861 /* tls1.h */,
				9EBB6C3617643F340065E861 /* ts.h */,
				9EBB6C3717643F340065E861 /* txt_db.h */,
				9EBB6C3817643F340065E861 /* ui.h */,
				9EBB6C3917643F340065E861 /* ui_compat.h */,
				9EBB6C3A17643F340065E861 /* whrlpool.h */,
				9EBB6C3B17643F340065E861 /* x509.h */,
				9EBB6C3C17643F340065E861 /* x509_vfy.h */,
				9EBB6C3D17643F340065E861 /* x509v3.h */,
			);
			path = openssl;
			sourceTree = "<group>";
		};
		9ECF519317549A0D00487F96 = {
			isa = PBXGroup;
			children = (
				9ECF51A117549A0E00487F96 /* D9StudioSDK */,
				9ECF519E17549A0E00487F96 /* Frameworks */,
				9ECF519D17549A0E00487F96 /* Products */,
			);
			sourceTree = "<group>";
		};
		9ECF519D17549A0E00487F96 /* Products */ = {
			isa = PBXGroup;
			children = (
				9ECF519C17549A0E00487F96 /* libD9StudioSDK.a */,
			);
			name = Products;
			sourceTree = "<group>";
		};
		9ECF519E17549A0E00487F96 /* Frameworks */ = {
			isa = PBXGroup;
			children = (
				9EBB6C441764575E0065E861 /* libcrypto.a */,
				9EBB6BD6176435400065E861 /* libssl.a */,
				9E1D3A24175F1FDD00C9A58E /* Security.framework */,
				9ECF51CF1754A8E200487F96 /* UIKit.framework */,
				9ECF519F17549A0E00487F96 /* Foundation.framework */,
			);
			name = Frameworks;
			sourceTree = "<group>";
		};
		9ECF51A117549A0E00487F96 /* D9StudioSDK */ = {
			isa = PBXGroup;
			children = (
				9EBB6B6F1764302A0065E861 /* Utilities */,
				9E1D3A31175F33C900C9A58E /* CTMBase64 */,
				9E923870175C995100924B12 /* SBJSON */,
				9ECF51A217549A0E00487F96 /* Supporting Files */,
				9ECF51B71754A0C100487F96 /* Resources */,
				9E92386A175C929900924B12 /* D9Request.h */,
				9E92386B175C929900924B12 /* D9Request.m */,
				9E1D3A2E175F33A100C9A58E /* D9SDKUtil.h */,
				9E1D3A2F175F33A100C9A58E /* D9SDKUtil.m */,
				9ECF51A417549A0E00487F96 /* D9StudioSDK.h */,
				9ECF51A617549A0E00487F96 /* D9StudioSDK.m */,
				9ECF51CC1754A88200487F96 /* D9LoginDialog.h */,
				9ECF51CD1754A88200487F96 /* D9LoginDialog.m */,
				9E3BF49E1758ACC4006AE29D /* D9SDKGlobal.h */,
				052350D41762410900A12EDA /* D9PayWebView.h */,
				052350D51762410900A12EDA /* D9PayWebView.m */,
			);
			path = D9StudioSDK;
			sourceTree = "<group>";
		};
		9ECF51A217549A0E00487F96 /* Supporting Files */ = {
			isa = PBXGroup;
			children = (
				9ECF51A317549A0E00487F96 /* D9StudioSDK-Prefix.pch */,
			);
			name = "Supporting Files";
			sourceTree = "<group>";
		};
		9ECF51B71754A0C100487F96 /* Resources */ = {
			isa = PBXGroup;
			children = (
				9E5F9D351769CE6E00CEB444 /* D9Dialog.bundle */,
			);
			path = Resources;
			sourceTree = SOURCE_ROOT;
		};
/* End PBXGroup section */

/* Begin PBXNativeTarget section */
		9ECF519B17549A0E00487F96 /* D9StudioSDK */ = {
			isa = PBXNativeTarget;
			buildConfigurationList = 9ECF51AA17549A0E00487F96 /* Build configuration list for PBXNativeTarget "D9StudioSDK" */;
			buildPhases = (
				9ECF519817549A0E00487F96 /* Sources */,
				9ECF519917549A0E00487F96 /* Frameworks */,
			);
			buildRules = (
			);
			dependencies = (
			);
			name = D9StudioSDK;
			productName = D9StudioSDK;
			productReference = 9ECF519C17549A0E00487F96 /* libD9StudioSDK.a */;
			productType = "com.apple.product-type.library.static";
		};
/* End PBXNativeTarget section */

/* Begin PBXProject section */
		9ECF519417549A0D00487F96 /* Project object */ = {
			isa = PBXProject;
			attributes = {
				LastUpgradeCheck = 0460;
				ORGANIZATIONNAME = "朱 俊杰";
			};
			buildConfigurationList = 9ECF519717549A0D00487F96 /* Build configuration list for PBXProject "D9StudioSDK" */;
			compatibilityVersion = "Xcode 3.2";
			developmentRegion = English;
			hasScannedForEncodings = 0;
			knownRegions = (
				en,
			);
			mainGroup = 9ECF519317549A0D00487F96;
			productRefGroup = 9ECF519D17549A0E00487F96 /* Products */;
			projectDirPath = "";
			projectRoot = "";
			targets = (
				9ECF519B17549A0E00487F96 /* D9StudioSDK */,
				9ECF51AD17549A3800487F96 /* D9StudioSDK-iOS */,
			);
		};
/* End PBXProject section */

/* Begin PBXShellScriptBuildPhase section */
		9ECF51B117549A4000487F96 /* Build Static Libs */ = {
			isa = PBXShellScriptBuildPhase;
			buildActionMask = 2147483647;
			files = (
			);
			inputPaths = (
			);
			name = "Build Static Libs";
			outputPaths = (
			);
			runOnlyForDeploymentPostprocessing = 0;
			shellPath = /bin/sh;
			shellScript = "xcodebuild -project ${PROJECT_NAME}.xcodeproj -sdk iphonesimulator -target ${PROJECT_NAME} -configuration ${CONFIGURATION} clean build CONFIGURATION_BUILD_DIR=${BUILD_DIR}/${CONFIGURATION}-iphonesimulator\n\nxcodebuild -project ${PROJECT_NAME}.xcodeproj -sdk iphoneos -target ${PROJECT_NAME} -configuration ${CONFIGURATION} clean build CONFIGURATION_BUILD_DIR=${BUILD_DIR}/${CONFIGURATION}-iphoneos";
		};
		9ECF51B217549A6A00487F96 /* Build Universal Framework */ = {
			isa = PBXShellScriptBuildPhase;
			buildActionMask = 2147483647;
			files = (
			);
			inputPaths = (
			);
			name = "Build Universal Framework";
			outputPaths = (
			);
			runOnlyForDeploymentPostprocessing = 0;
			shellPath = /bin/sh;
			shellScript = "SIMULATOR_LIBRARY_PATH=\"${BUILD_DIR}/${CONFIGURATION}-iphonesimulator/lib${PROJECT_NAME}.a\" &&\nDEVICE_LIBRARY_PATH=\"${BUILD_DIR}/${CONFIGURATION}-iphoneos/lib${PROJECT_NAME}.a\" &&\nUNIVERSAL_LIBRARY_DIR=\"${BUILD_DIR}/${CONFIGURATION}-iphoneuniversal\" &&\nUNIVERSAL_LIBRARY_PATH=\"${UNIVERSAL_LIBRARY_DIR}/${PRODUCT_NAME}\" &&\nFRAMEWORK=\"${UNIVERSAL_LIBRARY_DIR}/${PRODUCT_NAME}.framework\" &&\n\n# Create framework directory structure.\nrm -rf \"${FRAMEWORK}\" &&\nmkdir -p \"${UNIVERSAL_LIBRARY_DIR}\" &&\nmkdir -p \"${FRAMEWORK}/Versions/A/Headers\" &&\nmkdir -p \"${FRAMEWORK}/Versions/A/Resources\" &&\n\n# Generate universal binary for the device and simulator.\nlipo \"${SIMULATOR_LIBRARY_PATH}\" \"${DEVICE_LIBRARY_PATH}\" -create -output \"${UNIVERSAL_LIBRARY_PATH}\" &&\n\n# Move files to appropriate locations in framework paths.\ncp \"${UNIVERSAL_LIBRARY_PATH}\" \"${FRAMEWORK}/Versions/A\" &&\nln -s \"A\" \"${FRAMEWORK}/Versions/Current\" &&\nln -s \"Versions/Current/Headers\" \"${FRAMEWORK}/Headers\" &&\nln -s \"Versions/Current/Resources\" \"${FRAMEWORK}/Resources\" &&\nln -s \"Versions/Current/${PRODUCT_NAME}\" \"${FRAMEWORK}/${PRODUCT_NAME}\"";
		};
/* End PBXShellScriptBuildPhase section */

/* Begin PBXSourcesBuildPhase section */
		9ECF519817549A0E00487F96 /* Sources */ = {
			isa = PBXSourcesBuildPhase;
			buildActionMask = 2147483647;
			files = (
				9ECF51A717549A0E00487F96 /* D9StudioSDK.m in Sources */,
				9ECF51CE1754A88200487F96 /* D9LoginDialog.m in Sources */,
				9E92386E175C929900924B12 /* D9Request.m in Sources */,
				9E92387E175C995100924B12 /* NSObject+SBJSON.m in Sources */,
				9E92387F175C995100924B12 /* NSString+SBJSON.m in Sources */,
				9E923880175C995100924B12 /* SBJSON.m in Sources */,
				9E923881175C995100924B12 /* SBJsonBase.m in Sources */,
				9E923882175C995100924B12 /* SBJsonParser.m in Sources */,
				9E923883175C995100924B12 /* SBJsonWriter.m in Sources */,
				9E1D3A30175F33A100C9A58E /* D9SDKUtil.m in Sources */,
				9E1D3A35175F33C900C9A58E /* GTMBase64.m in Sources */,
				052350D61762410900A12EDA /* D9PayWebView.m in Sources */,
				9EBB6BCE1764302A0065E861 /* DataSigner.m in Sources */,
				9EBB6BCF1764302A0065E861 /* DataVerifier.m in Sources */,
				9EBB6BEC17643EE10065E861 /* base64.m in Sources */,
				9EBB6BED17643EE10065E861 /* MD5DataSigner.m in Sources */,
				9EBB6BEE17643EE10065E861 /* NSDataEx.m in Sources */,
				9EBB6BEF17643EE10065E861 /* openssl_wrapper.m in Sources */,
				9EBB6BF017643EE10065E861 /* RSADataSigner.m in Sources */,
				9EBB6BF117643EE10065E861 /* RSADataVerifier.m in Sources */,
			);
			runOnlyForDeploymentPostprocessing = 0;
		};
/* End PBXSourcesBuildPhase section */

/* Begin XCBuildConfiguration section */
		9ECF51A817549A0E00487F96 /* Debug */ = {
			isa = XCBuildConfiguration;
			buildSettings = {
				ALWAYS_SEARCH_USER_PATHS = NO;
				CLANG_CXX_LANGUAGE_STANDARD = "gnu++0x";
				CLANG_CXX_LIBRARY = "libc++";
				CLANG_WARN_CONSTANT_CONVERSION = YES;
				CLANG_WARN_EMPTY_BODY = YES;
				CLANG_WARN_ENUM_CONVERSION = YES;
				CLANG_WARN_INT_CONVERSION = YES;
				CLANG_WARN__DUPLICATE_METHOD_MATCH = YES;
				COPY_PHASE_STRIP = NO;
				GCC_C_LANGUAGE_STANDARD = gnu99;
				GCC_DYNAMIC_NO_PIC = NO;
				GCC_OPTIMIZATION_LEVEL = 0;
				GCC_PREPROCESSOR_DEFINITIONS = (
					"DEBUG=1",
					"$(inherited)",
				);
				GCC_SYMBOLS_PRIVATE_EXTERN = NO;
				GCC_WARN_ABOUT_RETURN_TYPE = YES;
				GCC_WARN_UNINITIALIZED_AUTOS = YES;
				GCC_WARN_UNUSED_VARIABLE = YES;
				IPHONEOS_DEPLOYMENT_TARGET = 6.1;
				ONLY_ACTIVE_ARCH = YES;
				SDKROOT = iphoneos;
			};
			name = Debug;
		};
		9ECF51A917549A0E00487F96 /* Release */ = {
			isa = XCBuildConfiguration;
			buildSettings = {
				ALWAYS_SEARCH_USER_PATHS = NO;
				CLANG_CXX_LANGUAGE_STANDARD = "gnu++0x";
				CLANG_CXX_LIBRARY = "libc++";
				CLANG_WARN_CONSTANT_CONVERSION = YES;
				CLANG_WARN_EMPTY_BODY = YES;
				CLANG_WARN_ENUM_CONVERSION = YES;
				CLANG_WARN_INT_CONVERSION = YES;
				CLANG_WARN__DUPLICATE_METHOD_MATCH = YES;
				COPY_PHASE_STRIP = YES;
				GCC_C_LANGUAGE_STANDARD = gnu99;
				GCC_WARN_ABOUT_RETURN_TYPE = YES;
				GCC_WARN_UNINITIALIZED_AUTOS = YES;
				GCC_WARN_UNUSED_VARIABLE = YES;
				IPHONEOS_DEPLOYMENT_TARGET = 6.1;
				SDKROOT = iphoneos;
				VALIDATE_PRODUCT = YES;
			};
			name = Release;
		};
		9ECF51AB17549A0E00487F96 /* Debug */ = {
			isa = XCBuildConfiguration;
			buildSettings = {
				DSTROOT = /tmp/D9StudioSDK.dst;
				GCC_PRECOMPILE_PREFIX_HEADER = YES;
				GCC_PREFIX_HEADER = "D9StudioSDK/D9StudioSDK-Prefix.pch";
				HEADER_SEARCH_PATHS = "\"$(SRCROOT)/D9StudioSDK/Utilities/\"";
				LIBRARY_SEARCH_PATHS = (
					"$(inherited)",
					"\"$(SRCROOT)/D9StudioSDK\"",
				);
				OTHER_LDFLAGS = (
					"-ObjC",
					"-all_load",
				);
				PRODUCT_NAME = "$(TARGET_NAME)";
				SKIP_INSTALL = YES;
			};
			name = Debug;
		};
		9ECF51AC17549A0E00487F96 /* Release */ = {
			isa = XCBuildConfiguration;
			buildSettings = {
				DSTROOT = /tmp/D9StudioSDK.dst;
				GCC_PRECOMPILE_PREFIX_HEADER = YES;
				GCC_PREFIX_HEADER = "D9StudioSDK/D9StudioSDK-Prefix.pch";
				HEADER_SEARCH_PATHS = "\"$(SRCROOT)/D9StudioSDK/Utilities/\"";
				LIBRARY_SEARCH_PATHS = (
					"$(inherited)",
					"\"$(SRCROOT)/D9StudioSDK\"",
				);
				OTHER_LDFLAGS = (
					"-ObjC",
					"-all_load",
				);
				PRODUCT_NAME = "$(TARGET_NAME)";
				SKIP_INSTALL = YES;
			};
			name = Release;
		};
		9ECF51AF17549A3800487F96 /* Debug */ = {
			isa = XCBuildConfiguration;
			buildSettings = {
				OTHER_LDFLAGS = "-all_load";
				PRODUCT_NAME = "$(TARGET_NAME)";
			};
			name = Debug;
		};
		9ECF51B017549A3800487F96 /* Release */ = {
			isa = XCBuildConfiguration;
			buildSettings = {
				OTHER_LDFLAGS = "-all_load";
				PRODUCT_NAME = "$(TARGET_NAME)";
			};
			name = Release;
		};
/* End XCBuildConfiguration section */

/* Begin XCConfigurationList section */
		9ECF519717549A0D00487F96 /* Build configuration list for PBXProject "D9StudioSDK" */ = {
			isa = XCConfigurationList;
			buildConfigurations = (
				9ECF51A817549A0E00487F96 /* Debug */,
				9ECF51A917549A0E00487F96 /* Release */,
			);
			defaultConfigurationIsVisible = 0;
			defaultConfigurationName = Release;
		};
		9ECF51AA17549A0E00487F96 /* Build configuration list for PBXNativeTarget "D9StudioSDK" */ = {
			isa = XCConfigurationList;
			buildConfigurations = (
				9ECF51AB17549A0E00487F96 /* Debug */,
				9ECF51AC17549A0E00487F96 /* Release */,
			);
			defaultConfigurationIsVisible = 0;
			defaultConfigurationName = Release;
		};
		9ECF51AE17549A3800487F96 /* Build configuration list for PBXAggregateTarget "D9StudioSDK-iOS" */ = {
			isa = XCConfigurationList;
			buildConfigurations = (
				9ECF51AF17549A3800487F96 /* Debug */,
				9ECF51B017549A3800487F96 /* Release */,
			);
			defaultConfigurationIsVisible = 0;
			defaultConfigurationName = Release;
		};
/* End XCConfigurationList section */
	};
	rootObject = 9ECF519417549A0D00487F96 /* Project object */;
}
