// !$*UTF8*$!
{
	archiveVersion = 1;
	classes = {
	};
	objectVersion = 46;
	objects = {

/* Begin PBXBuildFile section */
		9E1D3A27175F1FEC00C9A58E /* Security.framework in Frameworks */ = {isa = PBXBuildFile; fileRef = 9E1D3A26175F1FEC00C9A58E /* Security.framework */; };
		9E42695717795098009947BD /* d9_button_down.png in Resources */ = {isa = PBXBuildFile; fileRef = 9E42694D17795098009947BD /* d9_button_down.png */; };
		9E42695817795098009947BD /* d9_button_normal.png in Resources */ = {isa = PBXBuildFile; fileRef = 9E42694E17795098009947BD /* d9_button_normal.png */; };
		9E42695917795098009947BD /* d9_checkbox_false.png in Resources */ = {isa = PBXBuildFile; fileRef = 9E42694F17795098009947BD /* d9_checkbox_false.png */; };
		9E42695A17795098009947BD /* d9_checkbox_focus.png in Resources */ = {isa = PBXBuildFile; fileRef = 9E42695017795098009947BD /* d9_checkbox_focus.png */; };
		9E42695B17795098009947BD /* d9_checkbox_true.png in Resources */ = {isa = PBXBuildFile; fileRef = 9E42695117795098009947BD /* d9_checkbox_true.png */; };
		9E42695C17795098009947BD /* d9_logo.png in Resources */ = {isa = PBXBuildFile; fileRef = 9E42695217795098009947BD /* d9_logo.png */; };
		9E42695D17795098009947BD /* d9_password.png in Resources */ = {isa = PBXBuildFile; fileRef = 9E42695317795098009947BD /* d9_password.png */; };
		9E42695E17795098009947BD /* d9_progressbar_bg.jpg in Resources */ = {isa = PBXBuildFile; fileRef = 9E42695417795098009947BD /* d9_progressbar_bg.jpg */; };
		9E42695F17795098009947BD /* d9_progressbar_bg2.png in Resources */ = {isa = PBXBuildFile; fileRef = 9E42695517795098009947BD /* d9_progressbar_bg2.png */; };
		9E42696017795098009947BD /* d9_username.png in Resources */ = {isa = PBXBuildFile; fileRef = 9E42695617795098009947BD /* d9_username.png */; };
		9EBB6B5F1761BB400065E861 /* MainViewController.m in Sources */ = {isa = PBXBuildFile; fileRef = 9EBB6B5E1761BB400065E861 /* MainViewController.m */; };
		9EBC79CA1779779A00E61955 /* D9StudioSDK-iOS.framework in Frameworks */ = {isa = PBXBuildFile; fileRef = 9EBC79C91779779A00E61955 /* D9StudioSDK-iOS.framework */; };
		9ECF51E51755063200487F96 /* UIKit.framework in Frameworks */ = {isa = PBXBuildFile; fileRef = 9ECF51E41755063200487F96 /* UIKit.framework */; };
		9ECF51E71755063200487F96 /* Foundation.framework in Frameworks */ = {isa = PBXBuildFile; fileRef = 9ECF51E61755063200487F96 /* Foundation.framework */; };
		9ECF51E91755063200487F96 /* CoreGraphics.framework in Frameworks */ = {isa = PBXBuildFile; fileRef = 9ECF51E81755063200487F96 /* CoreGraphics.framework */; };
		9ECF51EF1755063200487F96 /* InfoPlist.strings in Resources */ = {isa = PBXBuildFile; fileRef = 9ECF51ED1755063200487F96 /* InfoPlist.strings */; };
		9ECF51F11755063200487F96 /* main.m in Sources */ = {isa = PBXBuildFile; fileRef = 9ECF51F01755063200487F96 /* main.m */; };
		9ECF51F51755063200487F96 /* AppDelegate.m in Sources */ = {isa = PBXBuildFile; fileRef = 9ECF51F41755063200487F96 /* AppDelegate.m */; };
		9ECF51F71755063200487F96 /* Default.png in Resources */ = {isa = PBXBuildFile; fileRef = 9ECF51F61755063200487F96 /* Default.png */; };
		9ECF51F91755063200487F96 /* Default@2x.png in Resources */ = {isa = PBXBuildFile; fileRef = 9ECF51F81755063200487F96 /* Default@2x.png */; };
		9ECF51FB1755063200487F96 /* Default-568h@2x.png in Resources */ = {isa = PBXBuildFile; fileRef = 9ECF51FA1755063200487F96 /* Default-568h@2x.png */; };
/* End PBXBuildFile section */

/* Begin PBXFileReference section */
		9E1D3A26175F1FEC00C9A58E /* Security.framework */ = {isa = PBXFileReference; lastKnownFileType = wrapper.framework; name = Security.framework; path = System/Library/Frameworks/Security.framework; sourceTree = SDKROOT; };
		9E42694D17795098009947BD /* d9_button_down.png */ = {isa = PBXFileReference; lastKnownFileType = image.png; path = d9_button_down.png; sourceTree = "<group>"; };
		9E42694E17795098009947BD /* d9_button_normal.png */ = {isa = PBXFileReference; lastKnownFileType = image.png; path = d9_button_normal.png; sourceTree = "<group>"; };
		9E42694F17795098009947BD /* d9_checkbox_false.png */ = {isa = PBXFileReference; lastKnownFileType = image.png; path = d9_checkbox_false.png; sourceTree = "<group>"; };
		9E42695017795098009947BD /* d9_checkbox_focus.png */ = {isa = PBXFileReference; lastKnownFileType = image.png; path = d9_checkbox_focus.png; sourceTree = "<group>"; };
		9E42695117795098009947BD /* d9_checkbox_true.png */ = {isa = PBXFileReference; lastKnownFileType = image.png; path = d9_checkbox_true.png; sourceTree = "<group>"; };
		9E42695217795098009947BD /* d9_logo.png */ = {isa = PBXFileReference; lastKnownFileType = image.png; path = d9_logo.png; sourceTree = "<group>"; };
		9E42695317795098009947BD /* d9_password.png */ = {isa = PBXFileReference; lastKnownFileType = image.png; path = d9_password.png; sourceTree = "<group>"; };
		9E42695417795098009947BD /* d9_progressbar_bg.jpg */ = {isa = PBXFileReference; lastKnownFileType = image.jpeg; path = d9_progressbar_bg.jpg; sourceTree = "<group>"; };
		9E42695517795098009947BD /* d9_progressbar_bg2.png */ = {isa = PBXFileReference; lastKnownFileType = image.png; path = d9_progressbar_bg2.png; sourceTree = "<group>"; };
		9E42695617795098009947BD /* d9_username.png */ = {isa = PBXFileReference; lastKnownFileType = image.png; path = d9_username.png; sourceTree = "<group>"; };
		9EBB6B5D1761BB400065E861 /* MainViewController.h */ = {isa = PBXFileReference; fileEncoding = 4; lastKnownFileType = sourcecode.c.h; path = MainViewController.h; sourceTree = "<group>"; };
		9EBB6B5E1761BB400065E861 /* MainViewController.m */ = {isa = PBXFileReference; fileEncoding = 4; lastKnownFileType = sourcecode.c.objc; path = MainViewController.m; sourceTree = "<group>"; };
		9EBC79C91779779A00E61955 /* D9StudioSDK-iOS.framework */ = {isa = PBXFileReference; lastKnownFileType = wrapper.framework; name = "D9StudioSDK-iOS.framework"; path = "../../../Desktop/D9StudioSDK-iOS.framework"; sourceTree = "<group>"; };
		9ECF51E11755063200487F96 /* DependentApp.app */ = {isa = PBXFileReference; explicitFileType = wrapper.application; includeInIndex = 0; path = DependentApp.app; sourceTree = BUILT_PRODUCTS_DIR; };
		9ECF51E41755063200487F96 /* UIKit.framework */ = {isa = PBXFileReference; lastKnownFileType = wrapper.framework; name = UIKit.framework; path = System/Library/Frameworks/UIKit.framework; sourceTree = SDKROOT; };
		9ECF51E61755063200487F96 /* Foundation.framework */ = {isa = PBXFileReference; lastKnownFileType = wrapper.framework; name = Foundation.framework; path = System/Library/Frameworks/Foundation.framework; sourceTree = SDKROOT; };
		9ECF51E81755063200487F96 /* CoreGraphics.framework */ = {isa = PBXFileReference; lastKnownFileType = wrapper.framework; name = CoreGraphics.framework; path = System/Library/Frameworks/CoreGraphics.framework; sourceTree = SDKROOT; };
		9ECF51EC1755063200487F96 /* DependentApp-Info.plist */ = {isa = PBXFileReference; lastKnownFileType = text.plist.xml; path = "DependentApp-Info.plist"; sourceTree = "<group>"; };
		9ECF51EE1755063200487F96 /* en */ = {isa = PBXFileReference; lastKnownFileType = text.plist.strings; name = en; path = en.lproj/InfoPlist.strings; sourceTree = "<group>"; };
		9ECF51F01755063200487F96 /* main.m */ = {isa = PBXFileReference; lastKnownFileType = sourcecode.c.objc; path = main.m; sourceTree = "<group>"; };
		9ECF51F21755063200487F96 /* DependentApp-Prefix.pch */ = {isa = PBXFileReference; lastKnownFileType = sourcecode.c.h; path = "DependentApp-Prefix.pch"; sourceTree = "<group>"; };
		9ECF51F31755063200487F96 /* AppDelegate.h */ = {isa = PBXFileReference; lastKnownFileType = sourcecode.c.h; path = AppDelegate.h; sourceTree = "<group>"; };
		9ECF51F41755063200487F96 /* AppDelegate.m */ = {isa = PBXFileReference; lastKnownFileType = sourcecode.c.objc; path = AppDelegate.m; sourceTree = "<group>"; };
		9ECF51F61755063200487F96 /* Default.png */ = {isa = PBXFileReference; lastKnownFileType = image.png; path = Default.png; sourceTree = "<group>"; };
		9ECF51F81755063200487F96 /* Default@2x.png */ = {isa = PBXFileReference; lastKnownFileType = image.png; path = "Default@2x.png"; sourceTree = "<group>"; };
		9ECF51FA1755063200487F96 /* Default-568h@2x.png */ = {isa = PBXFileReference; lastKnownFileType = image.png; path = "Default-568h@2x.png"; sourceTree = "<group>"; };
/* End PBXFileReference section */

/* Begin PBXFrameworksBuildPhase section */
		9ECF51DE1755063200487F96 /* Frameworks */ = {
			isa = PBXFrameworksBuildPhase;
			buildActionMask = 2147483647;
			files = (
				9E1D3A27175F1FEC00C9A58E /* Security.framework in Frameworks */,
				9ECF51E51755063200487F96 /* UIKit.framework in Frameworks */,
				9ECF51E71755063200487F96 /* Foundation.framework in Frameworks */,
				9ECF51E91755063200487F96 /* CoreGraphics.framework in Frameworks */,
				9EBC79CA1779779A00E61955 /* D9StudioSDK-iOS.framework in Frameworks */,
			);
			runOnlyForDeploymentPostprocessing = 0;
		};
/* End PBXFrameworksBuildPhase section */

/* Begin PBXGroup section */
		9E42694C17795098009947BD /* Resources */ = {
			isa = PBXGroup;
			children = (
				9E42694D17795098009947BD /* d9_button_down.png */,
				9E42694E17795098009947BD /* d9_button_normal.png */,
				9E42694F17795098009947BD /* d9_checkbox_false.png */,
				9E42695017795098009947BD /* d9_checkbox_focus.png */,
				9E42695117795098009947BD /* d9_checkbox_true.png */,
				9E42695217795098009947BD /* d9_logo.png */,
				9E42695317795098009947BD /* d9_password.png */,
				9E42695417795098009947BD /* d9_progressbar_bg.jpg */,
				9E42695517795098009947BD /* d9_progressbar_bg2.png */,
				9E42695617795098009947BD /* d9_username.png */,
			);
			path = Resources;
			sourceTree = "<group>";
		};
		9ECF51D81755063200487F96 = {
			isa = PBXGroup;
			children = (
				9EBC79C91779779A00E61955 /* D9StudioSDK-iOS.framework */,
				9ECF51EA1755063200487F96 /* DependentApp */,
				9ECF51E31755063200487F96 /* Frameworks */,
				9ECF51E21755063200487F96 /* Products */,
			);
			sourceTree = "<group>";
		};
		9ECF51E21755063200487F96 /* Products */ = {
			isa = PBXGroup;
			children = (
				9ECF51E11755063200487F96 /* DependentApp.app */,
			);
			name = Products;
			sourceTree = "<group>";
		};
		9ECF51E31755063200487F96 /* Frameworks */ = {
			isa = PBXGroup;
			children = (
				9E1D3A26175F1FEC00C9A58E /* Security.framework */,
				9ECF51E41755063200487F96 /* UIKit.framework */,
				9ECF51E61755063200487F96 /* Foundation.framework */,
				9ECF51E81755063200487F96 /* CoreGraphics.framework */,
			);
			name = Frameworks;
			sourceTree = "<group>";
		};
		9ECF51EA1755063200487F96 /* DependentApp */ = {
			isa = PBXGroup;
			children = (
				9E42694C17795098009947BD /* Resources */,
				9ECF51F31755063200487F96 /* AppDelegate.h */,
				9ECF51F41755063200487F96 /* AppDelegate.m */,
				9ECF51EB1755063200487F96 /* Supporting Files */,
				9EBB6B5D1761BB400065E861 /* MainViewController.h */,
				9EBB6B5E1761BB400065E861 /* MainViewController.m */,
			);
			path = DependentApp;
			sourceTree = "<group>";
		};
		9ECF51EB1755063200487F96 /* Supporting Files */ = {
			isa = PBXGroup;
			children = (
				9ECF51EC1755063200487F96 /* DependentApp-Info.plist */,
				9ECF51ED1755063200487F96 /* InfoPlist.strings */,
				9ECF51F01755063200487F96 /* main.m */,
				9ECF51F21755063200487F96 /* DependentApp-Prefix.pch */,
				9ECF51F61755063200487F96 /* Default.png */,
				9ECF51F81755063200487F96 /* Default@2x.png */,
				9ECF51FA1755063200487F96 /* Default-568h@2x.png */,
			);
			name = "Supporting Files";
			sourceTree = "<group>";
		};
/* End PBXGroup section */

/* Begin PBXNativeTarget section */
		9ECF51E01755063200487F96 /* DependentApp */ = {
			isa = PBXNativeTarget;
			buildConfigurationList = 9ECF51FE1755063200487F96 /* Build configuration list for PBXNativeTarget "DependentApp" */;
			buildPhases = (
				9ECF51DD1755063200487F96 /* Sources */,
				9ECF51DE1755063200487F96 /* Frameworks */,
				9ECF51DF1755063200487F96 /* Resources */,
			);
			buildRules = (
			);
			dependencies = (
			);
			name = DependentApp;
			productName = DependentApp;
			productReference = 9ECF51E11755063200487F96 /* DependentApp.app */;
			productType = "com.apple.product-type.application";
		};
/* End PBXNativeTarget section */

/* Begin PBXProject section */
		9ECF51D91755063200487F96 /* Project object */ = {
			isa = PBXProject;
			attributes = {
				LastUpgradeCheck = 0460;
				ORGANIZATIONNAME = "朱 俊杰";
			};
			buildConfigurationList = 9ECF51DC1755063200487F96 /* Build configuration list for PBXProject "DependentApp" */;
			compatibilityVersion = "Xcode 3.2";
			developmentRegion = English;
			hasScannedForEncodings = 0;
			knownRegions = (
				en,
			);
			mainGroup = 9ECF51D81755063200487F96;
			productRefGroup = 9ECF51E21755063200487F96 /* Products */;
			projectDirPath = "";
			projectRoot = "";
			targets = (
				9ECF51E01755063200487F96 /* DependentApp */,
			);
		};
/* End PBXProject section */

/* Begin PBXResourcesBuildPhase section */
		9ECF51DF1755063200487F96 /* Resources */ = {
			isa = PBXResourcesBuildPhase;
			buildActionMask = 2147483647;
			files = (
				9ECF51EF1755063200487F96 /* InfoPlist.strings in Resources */,
				9ECF51F71755063200487F96 /* Default.png in Resources */,
				9ECF51F91755063200487F96 /* Default@2x.png in Resources */,
				9ECF51FB1755063200487F96 /* Default-568h@2x.png in Resources */,
				9E42695717795098009947BD /* d9_button_down.png in Resources */,
				9E42695817795098009947BD /* d9_button_normal.png in Resources */,
				9E42695917795098009947BD /* d9_checkbox_false.png in Resources */,
				9E42695A17795098009947BD /* d9_checkbox_focus.png in Resources */,
				9E42695B17795098009947BD /* d9_checkbox_true.png in Resources */,
				9E42695C17795098009947BD /* d9_logo.png in Resources */,
				9E42695D17795098009947BD /* d9_password.png in Resources */,
				9E42695E17795098009947BD /* d9_progressbar_bg.jpg in Resources */,
				9E42695F17795098009947BD /* d9_progressbar_bg2.png in Resources */,
				9E42696017795098009947BD /* d9_username.png in Resources */,
			);
			runOnlyForDeploymentPostprocessing = 0;
		};
/* End PBXResourcesBuildPhase section */

/* Begin PBXSourcesBuildPhase section */
		9ECF51DD1755063200487F96 /* Sources */ = {
			isa = PBXSourcesBuildPhase;
			buildActionMask = 2147483647;
			files = (
				9ECF51F11755063200487F96 /* main.m in Sources */,
				9ECF51F51755063200487F96 /* AppDelegate.m in Sources */,
				9EBB6B5F1761BB400065E861 /* MainViewController.m in Sources */,
			);
			runOnlyForDeploymentPostprocessing = 0;
		};
/* End PBXSourcesBuildPhase section */

/* Begin PBXVariantGroup section */
		9ECF51ED1755063200487F96 /* InfoPlist.strings */ = {
			isa = PBXVariantGroup;
			children = (
				9ECF51EE1755063200487F96 /* en */,
			);
			name = InfoPlist.strings;
			sourceTree = "<group>";
		};
/* End PBXVariantGroup section */

/* Begin XCBuildConfiguration section */
		9ECF51FC1755063200487F96 /* Debug */ = {
			isa = XCBuildConfiguration;
			buildSettings = {
				ALWAYS_SEARCH_USER_PATHS = NO;
				CLANG_CXX_LANGUAGE_STANDARD = "gnu++0x";
				CLANG_CXX_LIBRARY = "libc++";
				CLANG_WARN_CONSTANT_CONVERSION = YES;
				CLANG_WARN_EMPTY_BODY = YES;
				CLANG_WARN_ENUM_CONVERSION = YES;
				CLANG_WARN_INT_CONVERSION = YES;
				CLANG_WARN__DUPLICATE_METHOD_MATCH = YES;
				"CODE_SIGN_IDENTITY[sdk=iphoneos*]" = "iPhone Developer";
				COPY_PHASE_STRIP = NO;
				GCC_C_LANGUAGE_STANDARD = gnu99;
				GCC_DYNAMIC_NO_PIC = NO;
				GCC_OPTIMIZATION_LEVEL = 0;
				GCC_PREPROCESSOR_DEFINITIONS = (
					"DEBUG=1",
					"$(inherited)",
				);
				GCC_SYMBOLS_PRIVATE_EXTERN = NO;
				GCC_WARN_ABOUT_RETURN_TYPE = YES;
				GCC_WARN_UNINITIALIZED_AUTOS = YES;
				GCC_WARN_UNUSED_VARIABLE = YES;
				IPHONEOS_DEPLOYMENT_TARGET = 6.1;
				ONLY_ACTIVE_ARCH = YES;
				SDKROOT = iphoneos;
			};
			name = Debug;
		};
		9ECF51FD1755063200487F96 /* Release */ = {
			isa = XCBuildConfiguration;
			buildSettings = {
				ALWAYS_SEARCH_USER_PATHS = NO;
				CLANG_CXX_LANGUAGE_STANDARD = "gnu++0x";
				CLANG_CXX_LIBRARY = "libc++";
				CLANG_WARN_CONSTANT_CONVERSION = YES;
				CLANG_WARN_EMPTY_BODY = YES;
				CLANG_WARN_ENUM_CONVERSION = YES;
				CLANG_WARN_INT_CONVERSION = YES;
				CLANG_WARN__DUPLICATE_METHOD_MATCH = YES;
				"CODE_SIGN_IDENTITY[sdk=iphoneos*]" = "iPhone Developer";
				COPY_PHASE_STRIP = YES;
				GCC_C_LANGUAGE_STANDARD = gnu99;
				GCC_WARN_ABOUT_RETURN_TYPE = YES;
				GCC_WARN_UNINITIALIZED_AUTOS = YES;
				GCC_WARN_UNUSED_VARIABLE = YES;
				IPHONEOS_DEPLOYMENT_TARGET = 6.1;
				OTHER_CFLAGS = "-DNS_BLOCK_ASSERTIONS=1";
				SDKROOT = iphoneos;
				VALIDATE_PRODUCT = YES;
			};
			name = Release;
		};
		9ECF51FF1755063200487F96 /* Debug */ = {
			isa = XCBuildConfiguration;
			buildSettings = {
				FRAMEWORK_SEARCH_PATHS = (
					"$(inherited)",
					"\"$(SRCROOT)/../../../Desktop\"",
					"\"$(SRCROOT)\"",
					"\"$(SRCROOT)/../../../Library/Developer/Xcode/DerivedData/D9StudioSDK-eehcmlyuwupgjhfxclweryfqkoaj/Build/Products/Release-iphoneuniversal\"",
					"\"$(SRCROOT)/../../../Library/Developer/Xcode/DerivedData/D9StudioSDK-bwtwskzzjqcwtxbiybjjlhechdwa/Build/Products/Release-iphoneuniversal\"",
					"\"$(SRCROOT)/../../../Library/Developer/Xcode/DerivedData/D9StudioSDK-bwtwskzzjqcwtxbiybjjlhechdwa/Build/Products/Debug-iphoneuniversal\"",
				);
				GCC_PRECOMPILE_PREFIX_HEADER = YES;
				GCC_PREFIX_HEADER = "DependentApp/DependentApp-Prefix.pch";
				INFOPLIST_FILE = "DependentApp/DependentApp-Info.plist";
				LIBRARY_SEARCH_PATHS = (
					"$(inherited)",
					"\"$(SRCROOT)/../D9StudioSDK/D9StudioSDK\"",
				);
				OTHER_LDFLAGS = "-all_load";
				PRODUCT_NAME = "$(TARGET_NAME)";
				WRAPPER_EXTENSION = app;
			};
			name = Debug;
		};
		9ECF52001755063200487F96 /* Release */ = {
			isa = XCBuildConfiguration;
			buildSettings = {
				FRAMEWORK_SEARCH_PATHS = (
					"$(inherited)",
					"\"$(SRCROOT)/../../../Desktop\"",
					"\"$(SRCROOT)\"",
					"\"$(SRCROOT)/../../../Library/Developer/Xcode/DerivedData/D9StudioSDK-eehcmlyuwupgjhfxclweryfqkoaj/Build/Products/Release-iphoneuniversal\"",
					"\"$(SRCROOT)/../../../Library/Developer/Xcode/DerivedData/D9StudioSDK-bwtwskzzjqcwtxbiybjjlhechdwa/Build/Products/Release-iphoneuniversal\"",
					"\"$(SRCROOT)/../../../Library/Developer/Xcode/DerivedData/D9StudioSDK-bwtwskzzjqcwtxbiybjjlhechdwa/Build/Products/Debug-iphoneuniversal\"",
				);
				GCC_PRECOMPILE_PREFIX_HEADER = YES;
				GCC_PREFIX_HEADER = "DependentApp/DependentApp-Prefix.pch";
				INFOPLIST_FILE = "DependentApp/DependentApp-Info.plist";
				LIBRARY_SEARCH_PATHS = (
					"$(inherited)",
					"\"$(SRCROOT)/../D9StudioSDK/D9StudioSDK\"",
				);
				OTHER_LDFLAGS = "-all_load";
				PRODUCT_NAME = "$(TARGET_NAME)";
				WRAPPER_EXTENSION = app;
			};
			name = Release;
		};
/* End XCBuildConfiguration section */

/* Begin XCConfigurationList section */
		9ECF51DC1755063200487F96 /* Build configuration list for PBXProject "DependentApp" */ = {
			isa = XCConfigurationList;
			buildConfigurations = (
				9ECF51FC1755063200487F96 /* Debug */,
				9ECF51FD1755063200487F96 /* Release */,
			);
			defaultConfigurationIsVisible = 0;
			defaultConfigurationName = Release;
		};
		9ECF51FE1755063200487F96 /* Build configuration list for PBXNativeTarget "DependentApp" */ = {
			isa = XCConfigurationList;
			buildConfigurations = (
				9ECF51FF1755063200487F96 /* Debug */,
				9ECF52001755063200487F96 /* Release */,
			);
			defaultConfigurationIsVisible = 0;
			defaultConfigurationName = Release;
		};
/* End XCConfigurationList section */
	};
	rootObject = 9ECF51D91755063200487F96 /* Project object */;
}
